// !$*UTF8*$!
{
	archiveVersion = 1;
	classes = {
	};
	objectVersion = 46;
	objects = {

/* Begin PBXBuildFile section */
		7E37E63F1A3DA8B9001B08AC /* JFFUtils.framework in Frameworks */ = {isa = PBXBuildFile; fileRef = 7E37E6341A3DA8B8001B08AC /* JFFUtils.framework */; };
		7E37E64F1A3DA8D5001B08AC /* TypeSignatureTest.m in Sources */ = {isa = PBXBuildFile; fileRef = 7EF2D992190D124F00A412FA /* TypeSignatureTest.m */; };
		7E37E6501A3DA8D5001B08AC /* NSObject+OwnershipsTest.m in Sources */ = {isa = PBXBuildFile; fileRef = 7EF2D990190D121900A412FA /* NSObject+OwnershipsTest.m */; };
		7E37E6511A3DA8D5001B08AC /* NSObjectInstancesCountTest.m in Sources */ = {isa = PBXBuildFile; fileRef = 7EABFD2F190D167700D3CCC6 /* NSObjectInstancesCountTest.m */; };
		7E37E6521A3DA8D5001B08AC /* NumberOfCharacterFromStringTest.m in Sources */ = {isa = PBXBuildFile; fileRef = 7EABFD33190D174700D3CCC6 /* NumberOfCharacterFromStringTest.m */; };
		7E37E6531A3DA8D5001B08AC /* JFFRuntimeAddiotionsTest.m in Sources */ = {isa = PBXBuildFile; fileRef = 7EF2D98C190D11F600A412FA /* JFFRuntimeAddiotionsTest.m */; };
		7E37E6541A3DA8D5001B08AC /* JFFOnDeallocBlockOwnerTest.m in Sources */ = {isa = PBXBuildFile; fileRef = 7EF2D98A190D11E400A412FA /* JFFOnDeallocBlockOwnerTest.m */; };
		7E37E6551A3DA8D5001B08AC /* JFFSimpleBlockHolderTest.m in Sources */ = {isa = PBXBuildFile; fileRef = 7EF2D988190D11CF00A412FA /* JFFSimpleBlockHolderTest.m */; };
		7E37E6561A3DA8D5001B08AC /* EmptyStringTest.m in Sources */ = {isa = PBXBuildFile; fileRef = 7EF2D984190D105300A412FA /* EmptyStringTest.m */; };
		7E37E6571A3DA911001B08AC /* NSObject+InstancesCount.m in Sources */ = {isa = PBXBuildFile; fileRef = 7EABFD62190D1F4D00D3CCC6 /* NSObject+InstancesCount.m */; settings = {COMPILER_FLAGS = "-fno-objc-arc"; }; };
		7E37E6581A3DA91E001B08AC /* NSObject+RuntimeExtensions.m in Sources */ = {isa = PBXBuildFile; fileRef = 7EABFD54190D1E9400D3CCC6 /* NSObject+RuntimeExtensions.m */; settings = {COMPILER_FLAGS = "-fno-objc-arc"; }; };
		7E37E6591A3DA91E001B08AC /* JFFOnDeallocBlockOwner.m in Sources */ = {isa = PBXBuildFile; fileRef = 7E9B13F6190C4AE1004DD39A /* JFFOnDeallocBlockOwner.m */; };
		7E37E65A1A3DA91E001B08AC /* JFFSimpleBlockHolder.m in Sources */ = {isa = PBXBuildFile; fileRef = 7E9B13EC190C4918004DD39A /* JFFSimpleBlockHolder.m */; };
		7E37E65B1A3DA91E001B08AC /* NSArray+BlocksAdditions.m in Sources */ = {isa = PBXBuildFile; fileRef = 7E7336DD190C13FB00AE47B9 /* NSArray+BlocksAdditions.m */; };
		7E37E65C1A3DA91E001B08AC /* NSArray+IsEmpty.m in Sources */ = {isa = PBXBuildFile; fileRef = 7E7336DF190C13FB00AE47B9 /* NSArray+IsEmpty.m */; };
		7E37E65D1A3DA91E001B08AC /* NSError+SetToPointer.m in Sources */ = {isa = PBXBuildFile; fileRef = 7E522ABE190D82EE0018AF97 /* NSError+SetToPointer.m */; };
		7E37E65E1A3DA91E001B08AC /* NSObject+OnDeallocBlock.m in Sources */ = {isa = PBXBuildFile; fileRef = 7E9B13F0190C49F6004DD39A /* NSObject+OnDeallocBlock.m */; };
		7E37E65F1A3DA91E001B08AC /* NSObject+Ownerships.m in Sources */ = {isa = PBXBuildFile; fileRef = 7E9B13F3190C4A90004DD39A /* NSObject+Ownerships.m */; };
		7E37E6601A3DA91E001B08AC /* NSString+IsEmpty.m in Sources */ = {isa = PBXBuildFile; fileRef = 7EA0C5F0190D04CC00DCB91D /* NSString+IsEmpty.m */; };
		7E37E6611A3DA91E001B08AC /* NSString+Search.m in Sources */ = {isa = PBXBuildFile; fileRef = 7EA0C5F2190D04CC00DCB91D /* NSString+Search.m */; };
		7E37E6621A3DA91E001B08AC /* NSString+PropertyName.m in Sources */ = {isa = PBXBuildFile; fileRef = 7E9B13E9190C48A1004DD39A /* NSString+PropertyName.m */; };
		7E37E6631A3DA91E001B08AC /* JFFRuntimeAdditions.mm in Sources */ = {isa = PBXBuildFile; fileRef = 7E9B13FA190C4B9E004DD39A /* JFFRuntimeAdditions.mm */; };
		7E37E6641A3DA939001B08AC /* NSObject+InstancesCount.h in Headers */ = {isa = PBXBuildFile; fileRef = 7EABFD61190D1F4D00D3CCC6 /* NSObject+InstancesCount.h */; settings = {ATTRIBUTES = (Private, ); }; };
		7E37E6651A3DA939001B08AC /* NSObject+RuntimeExtensions.h in Headers */ = {isa = PBXBuildFile; fileRef = 7EABFD53190D1E9400D3CCC6 /* NSObject+RuntimeExtensions.h */; settings = {ATTRIBUTES = (Private, ); }; };
		7E37E6661A3DA985001B08AC /* JFFUtils.h in Headers */ = {isa = PBXBuildFile; fileRef = 7E7336D8190C136B00AE47B9 /* JFFUtils.h */; settings = {ATTRIBUTES = (Public, ); }; };
		7E37E6671A3DAA80001B08AC /* JFFOnDeallocBlockOwner.h in Headers */ = {isa = PBXBuildFile; fileRef = 7E9B13F5190C4AE1004DD39A /* JFFOnDeallocBlockOwner.h */; };
		7E37E6681A3DAA86001B08AC /* JFFSimpleBlockHolder.h in Headers */ = {isa = PBXBuildFile; fileRef = 7E9B13EB190C4918004DD39A /* JFFSimpleBlockHolder.h */; settings = {ATTRIBUTES = (Public, ); }; };
		7E37E6691A3DAA86001B08AC /* JFFUtilsBlockDefinitions.h in Headers */ = {isa = PBXBuildFile; fileRef = 7E7336E2190C149B00AE47B9 /* JFFUtilsBlockDefinitions.h */; settings = {ATTRIBUTES = (Public, ); }; };
		7E37E66A1A3DAA86001B08AC /* JUContainersHelperBlocks.h in Headers */ = {isa = PBXBuildFile; fileRef = 7E7336DA190C13F200AE47B9 /* JUContainersHelperBlocks.h */; settings = {ATTRIBUTES = (Public, ); }; };
		7E37E66B1A3DAA8E001B08AC /* NSArray+BlocksAdditions.h in Headers */ = {isa = PBXBuildFile; fileRef = 7E7336DC190C13FB00AE47B9 /* NSArray+BlocksAdditions.h */; settings = {ATTRIBUTES = (Public, ); }; };
		7E37E66C1A3DAA8E001B08AC /* NSArray+IsEmpty.h in Headers */ = {isa = PBXBuildFile; fileRef = 7E7336DE190C13FB00AE47B9 /* NSArray+IsEmpty.h */; settings = {ATTRIBUTES = (Public, ); }; };
		7E37E66D1A3DAA94001B08AC /* NSError+SetToPointer.h in Headers */ = {isa = PBXBuildFile; fileRef = 7E522ABD190D82EE0018AF97 /* NSError+SetToPointer.h */; settings = {ATTRIBUTES = (Public, ); }; };
		7E37E66E1A3DAAA4001B08AC /* NSObject+OnDeallocBlock.h in Headers */ = {isa = PBXBuildFile; fileRef = 7E9B13EF190C49F6004DD39A /* NSObject+OnDeallocBlock.h */; settings = {ATTRIBUTES = (Public, ); }; };
		7E37E66F1A3DAAAA001B08AC /* NSObject+Ownerships.h in Headers */ = {isa = PBXBuildFile; fileRef = 7E9B13F2190C4A90004DD39A /* NSObject+Ownerships.h */; settings = {ATTRIBUTES = (Private, ); }; };
		7E37E6701A3DAAB6001B08AC /* NSString+IsEmpty.h in Headers */ = {isa = PBXBuildFile; fileRef = 7EA0C5EF190D04CC00DCB91D /* NSString+IsEmpty.h */; settings = {ATTRIBUTES = (Public, ); }; };
		7E37E6711A3DAAB6001B08AC /* NSString+Search.h in Headers */ = {isa = PBXBuildFile; fileRef = 7EA0C5F1190D04CC00DCB91D /* NSString+Search.h */; settings = {ATTRIBUTES = (Public, ); }; };
		7E37E6721A3DAABC001B08AC /* NSString+PropertyName.h in Headers */ = {isa = PBXBuildFile; fileRef = 7E9B13E8190C48A1004DD39A /* NSString+PropertyName.h */; settings = {ATTRIBUTES = (Private, ); }; };
		7E37E6731A3DAAC1001B08AC /* JFFRuntimeAdditions.h in Headers */ = {isa = PBXBuildFile; fileRef = 7E9B13F9190C4B9E004DD39A /* JFFRuntimeAdditions.h */; settings = {ATTRIBUTES = (Private, ); }; };
		7E522ABF190D82EE0018AF97 /* NSError+SetToPointer.h in Headers */ = {isa = PBXBuildFile; fileRef = 7E522ABD190D82EE0018AF97 /* NSError+SetToPointer.h */; settings = {ATTRIBUTES = (Public, ); }; };
		7E522AC0190D82EE0018AF97 /* NSError+SetToPointer.m in Sources */ = {isa = PBXBuildFile; fileRef = 7E522ABE190D82EE0018AF97 /* NSError+SetToPointer.m */; };
		7E522AC1190D82EE0018AF97 /* NSError+SetToPointer.m in Sources */ = {isa = PBXBuildFile; fileRef = 7E522ABE190D82EE0018AF97 /* NSError+SetToPointer.m */; };
		7E7336B3190C134300AE47B9 /* Foundation.framework in Frameworks */ = {isa = PBXBuildFile; fileRef = 7E7336B2190C134300AE47B9 /* Foundation.framework */; };
		7E7336C1190C134300AE47B9 /* XCTest.framework in Frameworks */ = {isa = PBXBuildFile; fileRef = 7E7336C0190C134300AE47B9 /* XCTest.framework */; };
		7E7336C2190C134300AE47B9 /* Foundation.framework in Frameworks */ = {isa = PBXBuildFile; fileRef = 7E7336B2190C134300AE47B9 /* Foundation.framework */; };
		7E7336C4190C134300AE47B9 /* UIKit.framework in Frameworks */ = {isa = PBXBuildFile; fileRef = 7E7336C3190C134300AE47B9 /* UIKit.framework */; };
		7E7336C7190C134300AE47B9 /* libJFFUtils.a in Frameworks */ = {isa = PBXBuildFile; fileRef = 7E7336AF190C134300AE47B9 /* libJFFUtils.a */; };
		7E7336CD190C134300AE47B9 /* InfoPlist.strings in Resources */ = {isa = PBXBuildFile; fileRef = 7E7336CB190C134300AE47B9 /* InfoPlist.strings */; };
		7E7336E0190C13FB00AE47B9 /* NSArray+BlocksAdditions.m in Sources */ = {isa = PBXBuildFile; fileRef = 7E7336DD190C13FB00AE47B9 /* NSArray+BlocksAdditions.m */; };
		7E7336E1190C13FB00AE47B9 /* NSArray+IsEmpty.m in Sources */ = {isa = PBXBuildFile; fileRef = 7E7336DF190C13FB00AE47B9 /* NSArray+IsEmpty.m */; };
		7E9B13EA190C48A1004DD39A /* NSString+PropertyName.m in Sources */ = {isa = PBXBuildFile; fileRef = 7E9B13E9190C48A1004DD39A /* NSString+PropertyName.m */; };
		7E9B13ED190C4918004DD39A /* JFFSimpleBlockHolder.m in Sources */ = {isa = PBXBuildFile; fileRef = 7E9B13EC190C4918004DD39A /* JFFSimpleBlockHolder.m */; };
		7E9B13F1190C49F6004DD39A /* NSObject+OnDeallocBlock.m in Sources */ = {isa = PBXBuildFile; fileRef = 7E9B13F0190C49F6004DD39A /* NSObject+OnDeallocBlock.m */; };
		7E9B13F4190C4A90004DD39A /* NSObject+Ownerships.m in Sources */ = {isa = PBXBuildFile; fileRef = 7E9B13F3190C4A90004DD39A /* NSObject+Ownerships.m */; };
		7E9B13F7190C4AE1004DD39A /* JFFOnDeallocBlockOwner.m in Sources */ = {isa = PBXBuildFile; fileRef = 7E9B13F6190C4AE1004DD39A /* JFFOnDeallocBlockOwner.m */; };
		7E9B13FB190C4B9E004DD39A /* JFFRuntimeAdditions.mm in Sources */ = {isa = PBXBuildFile; fileRef = 7E9B13FA190C4B9E004DD39A /* JFFRuntimeAdditions.mm */; };
		7EA0C5F3190D04CC00DCB91D /* NSString+IsEmpty.m in Sources */ = {isa = PBXBuildFile; fileRef = 7EA0C5F0190D04CC00DCB91D /* NSString+IsEmpty.m */; };
		7EA0C5F4190D04CC00DCB91D /* NSString+Search.m in Sources */ = {isa = PBXBuildFile; fileRef = 7EA0C5F2190D04CC00DCB91D /* NSString+Search.m */; };
		7EABFD30190D167700D3CCC6 /* NSObjectInstancesCountTest.m in Sources */ = {isa = PBXBuildFile; fileRef = 7EABFD2F190D167700D3CCC6 /* NSObjectInstancesCountTest.m */; };
		7EABFD34190D174700D3CCC6 /* NumberOfCharacterFromStringTest.m in Sources */ = {isa = PBXBuildFile; fileRef = 7EABFD33190D174700D3CCC6 /* NumberOfCharacterFromStringTest.m */; };
		7EABFD55190D1E9400D3CCC6 /* NSObject+RuntimeExtensions.m in Sources */ = {isa = PBXBuildFile; fileRef = 7EABFD54190D1E9400D3CCC6 /* NSObject+RuntimeExtensions.m */; settings = {COMPILER_FLAGS = "-fno-objc-arc"; }; };
		7EABFD63190D1F4D00D3CCC6 /* NSObject+InstancesCount.m in Sources */ = {isa = PBXBuildFile; fileRef = 7EABFD62190D1F4D00D3CCC6 /* NSObject+InstancesCount.m */; settings = {COMPILER_FLAGS = "-fno-objc-arc"; }; };
		7EB3DD61190D7D6E00CC690D /* Foundation.framework in Frameworks */ = {isa = PBXBuildFile; fileRef = 7E7336B2190C134300AE47B9 /* Foundation.framework */; };
		7EB3DD67190D7D6E00CC690D /* InfoPlist.strings in Resources */ = {isa = PBXBuildFile; fileRef = 7EB3DD65190D7D6E00CC690D /* InfoPlist.strings */; };
		7EB3DD74190D7F6900CC690D /* NSObject+InstancesCount.m in Sources */ = {isa = PBXBuildFile; fileRef = 7EABFD62190D1F4D00D3CCC6 /* NSObject+InstancesCount.m */; settings = {COMPILER_FLAGS = "-fno-objc-arc"; }; };
		7EB3DD75190D7F6900CC690D /* NSObject+RuntimeExtensions.m in Sources */ = {isa = PBXBuildFile; fileRef = 7EABFD54190D1E9400D3CCC6 /* NSObject+RuntimeExtensions.m */; settings = {COMPILER_FLAGS = "-fno-objc-arc"; }; };
		7EB3DD76190D7F6900CC690D /* JFFOnDeallocBlockOwner.m in Sources */ = {isa = PBXBuildFile; fileRef = 7E9B13F6190C4AE1004DD39A /* JFFOnDeallocBlockOwner.m */; };
		7EB3DD77190D7F6900CC690D /* JFFSimpleBlockHolder.m in Sources */ = {isa = PBXBuildFile; fileRef = 7E9B13EC190C4918004DD39A /* JFFSimpleBlockHolder.m */; };
		7EB3DD78190D7F6900CC690D /* NSArray+BlocksAdditions.m in Sources */ = {isa = PBXBuildFile; fileRef = 7E7336DD190C13FB00AE47B9 /* NSArray+BlocksAdditions.m */; };
		7EB3DD79190D7F6900CC690D /* NSArray+IsEmpty.m in Sources */ = {isa = PBXBuildFile; fileRef = 7E7336DF190C13FB00AE47B9 /* NSArray+IsEmpty.m */; };
		7EB3DD7B190D7F6900CC690D /* NSObject+OnDeallocBlock.m in Sources */ = {isa = PBXBuildFile; fileRef = 7E9B13F0190C49F6004DD39A /* NSObject+OnDeallocBlock.m */; };
		7EB3DD7C190D7F6900CC690D /* NSObject+Ownerships.m in Sources */ = {isa = PBXBuildFile; fileRef = 7E9B13F3190C4A90004DD39A /* NSObject+Ownerships.m */; };
		7EB3DD7D190D7F6900CC690D /* NSString+IsEmpty.m in Sources */ = {isa = PBXBuildFile; fileRef = 7EA0C5F0190D04CC00DCB91D /* NSString+IsEmpty.m */; };
		7EB3DD7E190D7F6900CC690D /* NSString+Search.m in Sources */ = {isa = PBXBuildFile; fileRef = 7EA0C5F2190D04CC00DCB91D /* NSString+Search.m */; };
		7EB3DD7F190D7F6900CC690D /* NSString+PropertyName.m in Sources */ = {isa = PBXBuildFile; fileRef = 7E9B13E9190C48A1004DD39A /* NSString+PropertyName.m */; };
		7EB3DD80190D7F6900CC690D /* JFFRuntimeAdditions.mm in Sources */ = {isa = PBXBuildFile; fileRef = 7E9B13FA190C4B9E004DD39A /* JFFRuntimeAdditions.mm */; };
		7EB3DD81190D806C00CC690D /* NSObject+InstancesCount.h in Headers */ = {isa = PBXBuildFile; fileRef = 7EABFD61190D1F4D00D3CCC6 /* NSObject+InstancesCount.h */; settings = {ATTRIBUTES = (Private, ); }; };
		7EB3DD82190D806C00CC690D /* NSObject+RuntimeExtensions.h in Headers */ = {isa = PBXBuildFile; fileRef = 7EABFD53190D1E9400D3CCC6 /* NSObject+RuntimeExtensions.h */; settings = {ATTRIBUTES = (Private, ); }; };
		7EB3DD83190D806C00CC690D /* JFFUtils.h in Headers */ = {isa = PBXBuildFile; fileRef = 7E7336D8190C136B00AE47B9 /* JFFUtils.h */; settings = {ATTRIBUTES = (Public, ); }; };
		7EB3DD84190D806C00CC690D /* JFFOnDeallocBlockOwner.h in Headers */ = {isa = PBXBuildFile; fileRef = 7E9B13F5190C4AE1004DD39A /* JFFOnDeallocBlockOwner.h */; };
		7EB3DD85190D806C00CC690D /* JFFSimpleBlockHolder.h in Headers */ = {isa = PBXBuildFile; fileRef = 7E9B13EB190C4918004DD39A /* JFFSimpleBlockHolder.h */; settings = {ATTRIBUTES = (Public, ); }; };
		7EB3DD86190D806C00CC690D /* JFFUtilsBlockDefinitions.h in Headers */ = {isa = PBXBuildFile; fileRef = 7E7336E2190C149B00AE47B9 /* JFFUtilsBlockDefinitions.h */; settings = {ATTRIBUTES = (Public, ); }; };
		7EB3DD87190D806C00CC690D /* JUContainersHelperBlocks.h in Headers */ = {isa = PBXBuildFile; fileRef = 7E7336DA190C13F200AE47B9 /* JUContainersHelperBlocks.h */; settings = {ATTRIBUTES = (Public, ); }; };
		7EB3DD88190D806C00CC690D /* NSArray+BlocksAdditions.h in Headers */ = {isa = PBXBuildFile; fileRef = 7E7336DC190C13FB00AE47B9 /* NSArray+BlocksAdditions.h */; settings = {ATTRIBUTES = (Public, ); }; };
		7EB3DD89190D806C00CC690D /* NSArray+IsEmpty.h in Headers */ = {isa = PBXBuildFile; fileRef = 7E7336DE190C13FB00AE47B9 /* NSArray+IsEmpty.h */; settings = {ATTRIBUTES = (Public, ); }; };
		7EB3DD8B190D806C00CC690D /* NSObject+OnDeallocBlock.h in Headers */ = {isa = PBXBuildFile; fileRef = 7E9B13EF190C49F6004DD39A /* NSObject+OnDeallocBlock.h */; settings = {ATTRIBUTES = (Public, ); }; };
		7EB3DD8C190D806C00CC690D /* NSObject+Ownerships.h in Headers */ = {isa = PBXBuildFile; fileRef = 7E9B13F2190C4A90004DD39A /* NSObject+Ownerships.h */; settings = {ATTRIBUTES = (Private, ); }; };
		7EB3DD8D190D806C00CC690D /* NSString+IsEmpty.h in Headers */ = {isa = PBXBuildFile; fileRef = 7EA0C5EF190D04CC00DCB91D /* NSString+IsEmpty.h */; settings = {ATTRIBUTES = (Public, ); }; };
		7EB3DD8E190D806C00CC690D /* NSString+Search.h in Headers */ = {isa = PBXBuildFile; fileRef = 7EA0C5F1190D04CC00DCB91D /* NSString+Search.h */; settings = {ATTRIBUTES = (Public, ); }; };
		7EB3DD8F190D806D00CC690D /* NSString+PropertyName.h in Headers */ = {isa = PBXBuildFile; fileRef = 7E9B13E8190C48A1004DD39A /* NSString+PropertyName.h */; settings = {ATTRIBUTES = (Private, ); }; };
		7EB3DD90190D806D00CC690D /* JFFRuntimeAdditions.h in Headers */ = {isa = PBXBuildFile; fileRef = 7E9B13F9190C4B9E004DD39A /* JFFRuntimeAdditions.h */; settings = {ATTRIBUTES = (Private, ); }; };
		7EF2D985190D105300A412FA /* EmptyStringTest.m in Sources */ = {isa = PBXBuildFile; fileRef = 7EF2D984190D105300A412FA /* EmptyStringTest.m */; };
		7EF2D987190D112400A412FA /* libc++.dylib in Frameworks */ = {isa = PBXBuildFile; fileRef = 7EF2D986190D112400A412FA /* libc++.dylib */; };
		7EF2D989190D11CF00A412FA /* JFFSimpleBlockHolderTest.m in Sources */ = {isa = PBXBuildFile; fileRef = 7EF2D988190D11CF00A412FA /* JFFSimpleBlockHolderTest.m */; };
		7EF2D98B190D11E400A412FA /* JFFOnDeallocBlockOwnerTest.m in Sources */ = {isa = PBXBuildFile; fileRef = 7EF2D98A190D11E400A412FA /* JFFOnDeallocBlockOwnerTest.m */; };
		7EF2D98D190D11F600A412FA /* JFFRuntimeAddiotionsTest.m in Sources */ = {isa = PBXBuildFile; fileRef = 7EF2D98C190D11F600A412FA /* JFFRuntimeAddiotionsTest.m */; };
		7EF2D991190D121900A412FA /* NSObject+OwnershipsTest.m in Sources */ = {isa = PBXBuildFile; fileRef = 7EF2D990190D121900A412FA /* NSObject+OwnershipsTest.m */; };
		7EF2D993190D124F00A412FA /* TypeSignatureTest.m in Sources */ = {isa = PBXBuildFile; fileRef = 7EF2D992190D124F00A412FA /* TypeSignatureTest.m */; };
/* End PBXBuildFile section */

/* Begin PBXContainerItemProxy section */
		7E37E6401A3DA8B9001B08AC /* PBXContainerItemProxy */ = {
			isa = PBXContainerItemProxy;
			containerPortal = 7E7336A7190C134300AE47B9 /* Project object */;
			proxyType = 1;
			remoteGlobalIDString = 7E37E6331A3DA8B8001B08AC;
			remoteInfo = "JFFUtils-DynamicFramework";
		};
		7E7336C5190C134300AE47B9 /* PBXContainerItemProxy */ = {
			isa = PBXContainerItemProxy;
			containerPortal = 7E7336A7190C134300AE47B9 /* Project object */;
			proxyType = 1;
			remoteGlobalIDString = 7E7336AE190C134300AE47B9;
			remoteInfo = JFFUtils;
		};
/* End PBXContainerItemProxy section */

/* Begin PBXCopyFilesBuildPhase section */
		7E7336AD190C134300AE47B9 /* CopyFiles */ = {
			isa = PBXCopyFilesBuildPhase;
			buildActionMask = 2147483647;
			dstPath = "include/$(PRODUCT_NAME)";
			dstSubfolderSpec = 16;
			files = (
			);
			runOnlyForDeploymentPostprocessing = 0;
		};
/* End PBXCopyFilesBuildPhase section */

/* Begin PBXFileReference section */
		7E37E6341A3DA8B8001B08AC /* JFFUtils.framework */ = {isa = PBXFileReference; explicitFileType = wrapper.framework; includeInIndex = 0; path = JFFUtils.framework; sourceTree = BUILT_PRODUCTS_DIR; };
		7E37E6371A3DA8B8001B08AC /* Info.plist */ = {isa = PBXFileReference; lastKnownFileType = text.plist.xml; path = Info.plist; sourceTree = "<group>"; };
		7E37E63E1A3DA8B8001B08AC /* JFFUtils-DynamicFrameworkTests.xctest */ = {isa = PBXFileReference; explicitFileType = wrapper.cfbundle; includeInIndex = 0; path = "JFFUtils-DynamicFrameworkTests.xctest"; sourceTree = BUILT_PRODUCTS_DIR; };
		7E37E6441A3DA8B9001B08AC /* Info.plist */ = {isa = PBXFileReference; lastKnownFileType = text.plist.xml; path = Info.plist; sourceTree = "<group>"; };
		7E522ABD190D82EE0018AF97 /* NSError+SetToPointer.h */ = {isa = PBXFileReference; fileEncoding = 4; lastKnownFileType = sourcecode.c.h; path = "NSError+SetToPointer.h"; sourceTree = "<group>"; };
		7E522ABE190D82EE0018AF97 /* NSError+SetToPointer.m */ = {isa = PBXFileReference; fileEncoding = 4; lastKnownFileType = sourcecode.c.objc; path = "NSError+SetToPointer.m"; sourceTree = "<group>"; };
		7E7336AF190C134300AE47B9 /* libJFFUtils.a */ = {isa = PBXFileReference; explicitFileType = archive.ar; includeInIndex = 0; path = libJFFUtils.a; sourceTree = BUILT_PRODUCTS_DIR; };
		7E7336B2190C134300AE47B9 /* Foundation.framework */ = {isa = PBXFileReference; lastKnownFileType = wrapper.framework; name = Foundation.framework; path = System/Library/Frameworks/Foundation.framework; sourceTree = SDKROOT; };
		7E7336B6190C134300AE47B9 /* JFFUtils-Prefix.pch */ = {isa = PBXFileReference; lastKnownFileType = sourcecode.c.h; name = "JFFUtils-Prefix.pch"; path = "JFFUtils/JFFUtils-Prefix.pch"; sourceTree = "<group>"; };
		7E7336BF190C134300AE47B9 /* JFFUtilsTests.xctest */ = {isa = PBXFileReference; explicitFileType = wrapper.cfbundle; includeInIndex = 0; path = JFFUtilsTests.xctest; sourceTree = BUILT_PRODUCTS_DIR; };
		7E7336C0190C134300AE47B9 /* XCTest.framework */ = {isa = PBXFileReference; lastKnownFileType = wrapper.framework; name = XCTest.framework; path = Library/Frameworks/XCTest.framework; sourceTree = DEVELOPER_DIR; };
		7E7336C3190C134300AE47B9 /* UIKit.framework */ = {isa = PBXFileReference; lastKnownFileType = wrapper.framework; name = UIKit.framework; path = Library/Frameworks/UIKit.framework; sourceTree = DEVELOPER_DIR; };
		7E7336CA190C134300AE47B9 /* JFFUtilsTests-Info.plist */ = {isa = PBXFileReference; lastKnownFileType = text.plist.xml; path = "JFFUtilsTests-Info.plist"; sourceTree = "<group>"; };
		7E7336CC190C134300AE47B9 /* en */ = {isa = PBXFileReference; lastKnownFileType = text.plist.strings; name = en; path = en.lproj/InfoPlist.strings; sourceTree = "<group>"; };
		7E7336D8190C136B00AE47B9 /* JFFUtils.h */ = {isa = PBXFileReference; lastKnownFileType = sourcecode.c.h; path = JFFUtils.h; sourceTree = SOURCE_ROOT; };
		7E7336DA190C13F200AE47B9 /* JUContainersHelperBlocks.h */ = {isa = PBXFileReference; fileEncoding = 4; lastKnownFileType = sourcecode.c.h; path = JUContainersHelperBlocks.h; sourceTree = "<group>"; };
		7E7336DC190C13FB00AE47B9 /* NSArray+BlocksAdditions.h */ = {isa = PBXFileReference; fileEncoding = 4; lastKnownFileType = sourcecode.c.h; path = "NSArray+BlocksAdditions.h"; sourceTree = "<group>"; };
		7E7336DD190C13FB00AE47B9 /* NSArray+BlocksAdditions.m */ = {isa = PBXFileReference; fileEncoding = 4; lastKnownFileType = sourcecode.c.objc; path = "NSArray+BlocksAdditions.m"; sourceTree = "<group>"; };
		7E7336DE190C13FB00AE47B9 /* NSArray+IsEmpty.h */ = {isa = PBXFileReference; fileEncoding = 4; lastKnownFileType = sourcecode.c.h; path = "NSArray+IsEmpty.h"; sourceTree = "<group>"; };
		7E7336DF190C13FB00AE47B9 /* NSArray+IsEmpty.m */ = {isa = PBXFileReference; fileEncoding = 4; lastKnownFileType = sourcecode.c.objc; path = "NSArray+IsEmpty.m"; sourceTree = "<group>"; };
		7E7336E2190C149B00AE47B9 /* JFFUtilsBlockDefinitions.h */ = {isa = PBXFileReference; lastKnownFileType = sourcecode.c.h; path = JFFUtilsBlockDefinitions.h; sourceTree = "<group>"; };
		7E9B13E8190C48A1004DD39A /* NSString+PropertyName.h */ = {isa = PBXFileReference; fileEncoding = 4; lastKnownFileType = sourcecode.c.h; path = "NSString+PropertyName.h"; sourceTree = "<group>"; };
		7E9B13E9190C48A1004DD39A /* NSString+PropertyName.m */ = {isa = PBXFileReference; fileEncoding = 4; lastKnownFileType = sourcecode.c.objc; path = "NSString+PropertyName.m"; sourceTree = "<group>"; };
		7E9B13EB190C4918004DD39A /* JFFSimpleBlockHolder.h */ = {isa = PBXFileReference; fileEncoding = 4; lastKnownFileType = sourcecode.c.h; path = JFFSimpleBlockHolder.h; sourceTree = "<group>"; };
		7E9B13EC190C4918004DD39A /* JFFSimpleBlockHolder.m */ = {isa = PBXFileReference; fileEncoding = 4; lastKnownFileType = sourcecode.c.objc; path = JFFSimpleBlockHolder.m; sourceTree = "<group>"; };
		7E9B13EF190C49F6004DD39A /* NSObject+OnDeallocBlock.h */ = {isa = PBXFileReference; fileEncoding = 4; lastKnownFileType = sourcecode.c.h; path = "NSObject+OnDeallocBlock.h"; sourceTree = "<group>"; };
		7E9B13F0190C49F6004DD39A /* NSObject+OnDeallocBlock.m */ = {isa = PBXFileReference; fileEncoding = 4; lastKnownFileType = sourcecode.c.objc; path = "NSObject+OnDeallocBlock.m"; sourceTree = "<group>"; };
		7E9B13F2190C4A90004DD39A /* NSObject+Ownerships.h */ = {isa = PBXFileReference; fileEncoding = 4; lastKnownFileType = sourcecode.c.h; path = "NSObject+Ownerships.h"; sourceTree = "<group>"; };
		7E9B13F3190C4A90004DD39A /* NSObject+Ownerships.m */ = {isa = PBXFileReference; fileEncoding = 4; lastKnownFileType = sourcecode.c.objc; path = "NSObject+Ownerships.m"; sourceTree = "<group>"; };
		7E9B13F5190C4AE1004DD39A /* JFFOnDeallocBlockOwner.h */ = {isa = PBXFileReference; fileEncoding = 4; lastKnownFileType = sourcecode.c.h; path = JFFOnDeallocBlockOwner.h; sourceTree = "<group>"; };
		7E9B13F6190C4AE1004DD39A /* JFFOnDeallocBlockOwner.m */ = {isa = PBXFileReference; fileEncoding = 4; lastKnownFileType = sourcecode.c.objc; path = JFFOnDeallocBlockOwner.m; sourceTree = "<group>"; };
		7E9B13F9190C4B9E004DD39A /* JFFRuntimeAdditions.h */ = {isa = PBXFileReference; fileEncoding = 4; lastKnownFileType = sourcecode.c.h; path = JFFRuntimeAdditions.h; sourceTree = "<group>"; };
		7E9B13FA190C4B9E004DD39A /* JFFRuntimeAdditions.mm */ = {isa = PBXFileReference; fileEncoding = 4; lastKnownFileType = sourcecode.cpp.objcpp; path = JFFRuntimeAdditions.mm; sourceTree = "<group>"; };
		7EA0C5EF190D04CC00DCB91D /* NSString+IsEmpty.h */ = {isa = PBXFileReference; fileEncoding = 4; lastKnownFileType = sourcecode.c.h; path = "NSString+IsEmpty.h"; sourceTree = "<group>"; };
		7EA0C5F0190D04CC00DCB91D /* NSString+IsEmpty.m */ = {isa = PBXFileReference; fileEncoding = 4; lastKnownFileType = sourcecode.c.objc; path = "NSString+IsEmpty.m"; sourceTree = "<group>"; };
		7EA0C5F1190D04CC00DCB91D /* NSString+Search.h */ = {isa = PBXFileReference; fileEncoding = 4; lastKnownFileType = sourcecode.c.h; path = "NSString+Search.h"; sourceTree = "<group>"; };
		7EA0C5F2190D04CC00DCB91D /* NSString+Search.m */ = {isa = PBXFileReference; fileEncoding = 4; lastKnownFileType = sourcecode.c.objc; path = "NSString+Search.m"; sourceTree = "<group>"; };
		7EABFD2F190D167700D3CCC6 /* NSObjectInstancesCountTest.m */ = {isa = PBXFileReference; fileEncoding = 4; lastKnownFileType = sourcecode.c.objc; path = NSObjectInstancesCountTest.m; sourceTree = "<group>"; };
		7EABFD33190D174700D3CCC6 /* NumberOfCharacterFromStringTest.m */ = {isa = PBXFileReference; fileEncoding = 4; lastKnownFileType = sourcecode.c.objc; path = NumberOfCharacterFromStringTest.m; sourceTree = "<group>"; };
		7EABFD53190D1E9400D3CCC6 /* NSObject+RuntimeExtensions.h */ = {isa = PBXFileReference; fileEncoding = 4; lastKnownFileType = sourcecode.c.h; path = "NSObject+RuntimeExtensions.h"; sourceTree = "<group>"; };
		7EABFD54190D1E9400D3CCC6 /* NSObject+RuntimeExtensions.m */ = {isa = PBXFileReference; fileEncoding = 4; lastKnownFileType = sourcecode.c.objc; path = "NSObject+RuntimeExtensions.m"; sourceTree = "<group>"; };
		7EABFD61190D1F4D00D3CCC6 /* NSObject+InstancesCount.h */ = {isa = PBXFileReference; fileEncoding = 4; lastKnownFileType = sourcecode.c.h; path = "NSObject+InstancesCount.h"; sourceTree = "<group>"; };
		7EABFD62190D1F4D00D3CCC6 /* NSObject+InstancesCount.m */ = {isa = PBXFileReference; fileEncoding = 4; lastKnownFileType = sourcecode.c.objc; path = "NSObject+InstancesCount.m"; sourceTree = "<group>"; };
		7EB3DD60190D7D6E00CC690D /* JFFUtils.framework */ = {isa = PBXFileReference; explicitFileType = wrapper.framework.static; includeInIndex = 0; path = JFFUtils.framework; sourceTree = BUILT_PRODUCTS_DIR; };
		7EB3DD64190D7D6E00CC690D /* JFFUtils-Framework-Info.plist */ = {isa = PBXFileReference; lastKnownFileType = text.plist.xml; path = "JFFUtils-Framework-Info.plist"; sourceTree = "<group>"; };
		7EB3DD66190D7D6E00CC690D /* en */ = {isa = PBXFileReference; lastKnownFileType = text.plist.strings; name = en; path = en.lproj/InfoPlist.strings; sourceTree = "<group>"; };
		7EF2D984190D105300A412FA /* EmptyStringTest.m */ = {isa = PBXFileReference; fileEncoding = 4; lastKnownFileType = sourcecode.c.objc; path = EmptyStringTest.m; sourceTree = "<group>"; };
		7EF2D986190D112400A412FA /* libc++.dylib */ = {isa = PBXFileReference; lastKnownFileType = "compiled.mach-o.dylib"; name = "libc++.dylib"; path = "usr/lib/libc++.dylib"; sourceTree = SDKROOT; };
		7EF2D988190D11CF00A412FA /* JFFSimpleBlockHolderTest.m */ = {isa = PBXFileReference; fileEncoding = 4; lastKnownFileType = sourcecode.c.objc; path = JFFSimpleBlockHolderTest.m; sourceTree = "<group>"; };
		7EF2D98A190D11E400A412FA /* JFFOnDeallocBlockOwnerTest.m */ = {isa = PBXFileReference; fileEncoding = 4; lastKnownFileType = sourcecode.c.objc; path = JFFOnDeallocBlockOwnerTest.m; sourceTree = "<group>"; };
		7EF2D98C190D11F600A412FA /* JFFRuntimeAddiotionsTest.m */ = {isa = PBXFileReference; fileEncoding = 4; lastKnownFileType = sourcecode.c.objc; path = JFFRuntimeAddiotionsTest.m; sourceTree = "<group>"; };
		7EF2D990190D121900A412FA /* NSObject+OwnershipsTest.m */ = {isa = PBXFileReference; fileEncoding = 4; lastKnownFileType = sourcecode.c.objc; path = "NSObject+OwnershipsTest.m"; sourceTree = "<group>"; };
		7EF2D992190D124F00A412FA /* TypeSignatureTest.m */ = {isa = PBXFileReference; fileEncoding = 4; lastKnownFileType = sourcecode.c.objc; path = TypeSignatureTest.m; sourceTree = "<group>"; };
/* End PBXFileReference section */

/* Begin PBXFrameworksBuildPhase section */
		7E37E6301A3DA8B8001B08AC /* Frameworks */ = {
			isa = PBXFrameworksBuildPhase;
			buildActionMask = 2147483647;
			files = (
			);
			runOnlyForDeploymentPostprocessing = 0;
		};
		7E37E63B1A3DA8B8001B08AC /* Frameworks */ = {
			isa = PBXFrameworksBuildPhase;
			buildActionMask = 2147483647;
			files = (
				7E37E63F1A3DA8B9001B08AC /* JFFUtils.framework in Frameworks */,
			);
			runOnlyForDeploymentPostprocessing = 0;
		};
		7E7336AC190C134300AE47B9 /* Frameworks */ = {
			isa = PBXFrameworksBuildPhase;
			buildActionMask = 2147483647;
			files = (
				7E7336B3190C134300AE47B9 /* Foundation.framework in Frameworks */,
			);
			runOnlyForDeploymentPostprocessing = 0;
		};
		7E7336BC190C134300AE47B9 /* Frameworks */ = {
			isa = PBXFrameworksBuildPhase;
			buildActionMask = 2147483647;
			files = (
				7EF2D987190D112400A412FA /* libc++.dylib in Frameworks */,
				7E7336C1190C134300AE47B9 /* XCTest.framework in Frameworks */,
				7E7336C4190C134300AE47B9 /* UIKit.framework in Frameworks */,
				7E7336C7190C134300AE47B9 /* libJFFUtils.a in Frameworks */,
				7E7336C2190C134300AE47B9 /* Foundation.framework in Frameworks */,
			);
			runOnlyForDeploymentPostprocessing = 0;
		};
		7EB3DD5B190D7D6E00CC690D /* Frameworks */ = {
			isa = PBXFrameworksBuildPhase;
			buildActionMask = 2147483647;
			files = (
				7EB3DD61190D7D6E00CC690D /* Foundation.framework in Frameworks */,
			);
			runOnlyForDeploymentPostprocessing = 0;
		};
/* End PBXFrameworksBuildPhase section */

/* Begin PBXGroup section */
		7E37E6351A3DA8B8001B08AC /* JFFUtils-DynamicFramework */ = {
			isa = PBXGroup;
			children = (
				7E37E6361A3DA8B8001B08AC /* Supporting Files */,
			);
			path = "JFFUtils-DynamicFramework";
			sourceTree = "<group>";
		};
		7E37E6361A3DA8B8001B08AC /* Supporting Files */ = {
			isa = PBXGroup;
			children = (
				7E37E6371A3DA8B8001B08AC /* Info.plist */,
			);
			name = "Supporting Files";
			sourceTree = "<group>";
		};
		7E37E6421A3DA8B9001B08AC /* JFFUtils-DynamicFrameworkTests */ = {
			isa = PBXGroup;
			children = (
				7E37E6431A3DA8B9001B08AC /* Supporting Files */,
			);
			path = "JFFUtils-DynamicFrameworkTests";
			sourceTree = "<group>";
		};
		7E37E6431A3DA8B9001B08AC /* Supporting Files */ = {
			isa = PBXGroup;
			children = (
				7E37E6441A3DA8B9001B08AC /* Info.plist */,
			);
			name = "Supporting Files";
			sourceTree = "<group>";
		};
		7E522ABC190D82EE0018AF97 /* NSError */ = {
			isa = PBXGroup;
			children = (
				7E522ABD190D82EE0018AF97 /* NSError+SetToPointer.h */,
				7E522ABE190D82EE0018AF97 /* NSError+SetToPointer.m */,
			);
			path = NSError;
			sourceTree = SOURCE_ROOT;
		};
		7E7336A6190C134300AE47B9 = {
			isa = PBXGroup;
			children = (
				7E7336B6190C134300AE47B9 /* JFFUtils-Prefix.pch */,
				7EABFD52190D1E9400D3CCC6 /* UnitTestHelpers */,
				7E7336B4190C134300AE47B9 /* JFFUtils */,
				7E7336C8190C134300AE47B9 /* JFFUtilsTests */,
				7EB3DD62190D7D6E00CC690D /* JFFUtils-Framework */,
				7E37E6351A3DA8B8001B08AC /* JFFUtils-DynamicFramework */,
				7E37E6421A3DA8B9001B08AC /* JFFUtils-DynamicFrameworkTests */,
				7E7336B1190C134300AE47B9 /* Frameworks */,
				7E7336B0190C134300AE47B9 /* Products */,
			);
			sourceTree = "<group>";
		};
		7E7336B0190C134300AE47B9 /* Products */ = {
			isa = PBXGroup;
			children = (
				7E7336AF190C134300AE47B9 /* libJFFUtils.a */,
				7E7336BF190C134300AE47B9 /* JFFUtilsTests.xctest */,
				7EB3DD60190D7D6E00CC690D /* JFFUtils.framework */,
				7E37E6341A3DA8B8001B08AC /* JFFUtils.framework */,
				7E37E63E1A3DA8B8001B08AC /* JFFUtils-DynamicFrameworkTests.xctest */,
			);
			name = Products;
			sourceTree = "<group>";
		};
		7E7336B1190C134300AE47B9 /* Frameworks */ = {
			isa = PBXGroup;
			children = (
				7EF2D986190D112400A412FA /* libc++.dylib */,
				7E7336B2190C134300AE47B9 /* Foundation.framework */,
				7E7336C0190C134300AE47B9 /* XCTest.framework */,
				7E7336C3190C134300AE47B9 /* UIKit.framework */,
			);
			name = Frameworks;
			sourceTree = "<group>";
		};
		7E7336B4190C134300AE47B9 /* JFFUtils */ = {
			isa = PBXGroup;
			children = (
				7E7336D8190C136B00AE47B9 /* JFFUtils.h */,
				7E7336D9190C13F200AE47B9 /* Blocks */,
				7E7336DB190C13FB00AE47B9 /* NSArray */,
				7E522ABC190D82EE0018AF97 /* NSError */,
				7E9B13EE190C49F6004DD39A /* NSObject */,
				7E9B13E7190C48A1004DD39A /* NSString */,
				7E9B13F8190C4B9E004DD39A /* Runtime */,
			);
			path = JFFUtils;
			sourceTree = "<group>";
		};
		7E7336C8190C134300AE47B9 /* JFFUtilsTests */ = {
			isa = PBXGroup;
			children = (
				7EF2D992190D124F00A412FA /* TypeSignatureTest.m */,
				7EF2D990190D121900A412FA /* NSObject+OwnershipsTest.m */,
				7EABFD2F190D167700D3CCC6 /* NSObjectInstancesCountTest.m */,
				7EABFD33190D174700D3CCC6 /* NumberOfCharacterFromStringTest.m */,
				7EF2D98C190D11F600A412FA /* JFFRuntimeAddiotionsTest.m */,
				7EF2D98A190D11E400A412FA /* JFFOnDeallocBlockOwnerTest.m */,
				7EF2D988190D11CF00A412FA /* JFFSimpleBlockHolderTest.m */,
				7EF2D984190D105300A412FA /* EmptyStringTest.m */,
				7E7336C9190C134300AE47B9 /* Supporting Files */,
			);
			path = JFFUtilsTests;
			sourceTree = "<group>";
		};
		7E7336C9190C134300AE47B9 /* Supporting Files */ = {
			isa = PBXGroup;
			children = (
				7E7336CA190C134300AE47B9 /* JFFUtilsTests-Info.plist */,
				7E7336CB190C134300AE47B9 /* InfoPlist.strings */,
			);
			name = "Supporting Files";
			sourceTree = "<group>";
		};
		7E7336D9190C13F200AE47B9 /* Blocks */ = {
			isa = PBXGroup;
			children = (
				7E9B13F5190C4AE1004DD39A /* JFFOnDeallocBlockOwner.h */,
				7E9B13F6190C4AE1004DD39A /* JFFOnDeallocBlockOwner.m */,
				7E9B13EB190C4918004DD39A /* JFFSimpleBlockHolder.h */,
				7E9B13EC190C4918004DD39A /* JFFSimpleBlockHolder.m */,
				7E7336E2190C149B00AE47B9 /* JFFUtilsBlockDefinitions.h */,
				7E7336DA190C13F200AE47B9 /* JUContainersHelperBlocks.h */,
			);
			path = Blocks;
			sourceTree = SOURCE_ROOT;
		};
		7E7336DB190C13FB00AE47B9 /* NSArray */ = {
			isa = PBXGroup;
			children = (
				7E7336DC190C13FB00AE47B9 /* NSArray+BlocksAdditions.h */,
				7E7336DD190C13FB00AE47B9 /* NSArray+BlocksAdditions.m */,
				7E7336DE190C13FB00AE47B9 /* NSArray+IsEmpty.h */,
				7E7336DF190C13FB00AE47B9 /* NSArray+IsEmpty.m */,
			);
			path = NSArray;
			sourceTree = SOURCE_ROOT;
		};
		7E9B13E7190C48A1004DD39A /* NSString */ = {
			isa = PBXGroup;
			children = (
				7EA0C5EF190D04CC00DCB91D /* NSString+IsEmpty.h */,
				7EA0C5F0190D04CC00DCB91D /* NSString+IsEmpty.m */,
				7EA0C5F1190D04CC00DCB91D /* NSString+Search.h */,
				7EA0C5F2190D04CC00DCB91D /* NSString+Search.m */,
				7E9B13E8190C48A1004DD39A /* NSString+PropertyName.h */,
				7E9B13E9190C48A1004DD39A /* NSString+PropertyName.m */,
			);
			name = NSString;
			path = ../NSString;
			sourceTree = "<group>";
		};
		7E9B13EE190C49F6004DD39A /* NSObject */ = {
			isa = PBXGroup;
			children = (
				7E9B13EF190C49F6004DD39A /* NSObject+OnDeallocBlock.h */,
				7E9B13F0190C49F6004DD39A /* NSObject+OnDeallocBlock.m */,
				7E9B13F2190C4A90004DD39A /* NSObject+Ownerships.h */,
				7E9B13F3190C4A90004DD39A /* NSObject+Ownerships.m */,
			);
			path = NSObject;
			sourceTree = SOURCE_ROOT;
		};
		7E9B13F8190C4B9E004DD39A /* Runtime */ = {
			isa = PBXGroup;
			children = (
				7E9B13F9190C4B9E004DD39A /* JFFRuntimeAdditions.h */,
				7E9B13FA190C4B9E004DD39A /* JFFRuntimeAdditions.mm */,
			);
			path = Runtime;
			sourceTree = SOURCE_ROOT;
		};
		7EABFD52190D1E9400D3CCC6 /* UnitTestHelpers */ = {
			isa = PBXGroup;
			children = (
				7EABFD61190D1F4D00D3CCC6 /* NSObject+InstancesCount.h */,
				7EABFD62190D1F4D00D3CCC6 /* NSObject+InstancesCount.m */,
				7EABFD53190D1E9400D3CCC6 /* NSObject+RuntimeExtensions.h */,
				7EABFD54190D1E9400D3CCC6 /* NSObject+RuntimeExtensions.m */,
			);
			path = UnitTestHelpers;
			sourceTree = "<group>";
		};
		7EB3DD62190D7D6E00CC690D /* JFFUtils-Framework */ = {
			isa = PBXGroup;
			children = (
				7EB3DD63190D7D6E00CC690D /* Supporting Files */,
			);
			path = "JFFUtils-Framework";
			sourceTree = "<group>";
		};
		7EB3DD63190D7D6E00CC690D /* Supporting Files */ = {
			isa = PBXGroup;
			children = (
				7EB3DD64190D7D6E00CC690D /* JFFUtils-Framework-Info.plist */,
				7EB3DD65190D7D6E00CC690D /* InfoPlist.strings */,
			);
			name = "Supporting Files";
			sourceTree = "<group>";
		};
/* End PBXGroup section */

/* Begin PBXHeadersBuildPhase section */
		7E37E6311A3DA8B8001B08AC /* Headers */ = {
			isa = PBXHeadersBuildPhase;
			buildActionMask = 2147483647;
			files = (
				7E37E6701A3DAAB6001B08AC /* NSString+IsEmpty.h in Headers */,
				7E37E6651A3DA939001B08AC /* NSObject+RuntimeExtensions.h in Headers */,
				7E37E66E1A3DAAA4001B08AC /* NSObject+OnDeallocBlock.h in Headers */,
				7E37E6641A3DA939001B08AC /* NSObject+InstancesCount.h in Headers */,
				7E37E66D1A3DAA94001B08AC /* NSError+SetToPointer.h in Headers */,
				7E37E6721A3DAABC001B08AC /* NSString+PropertyName.h in Headers */,
				7E37E66A1A3DAA86001B08AC /* JUContainersHelperBlocks.h in Headers */,
				7E37E6691A3DAA86001B08AC /* JFFUtilsBlockDefinitions.h in Headers */,
				7E37E66C1A3DAA8E001B08AC /* NSArray+IsEmpty.h in Headers */,
				7E37E6711A3DAAB6001B08AC /* NSString+Search.h in Headers */,
				7E37E66F1A3DAAAA001B08AC /* NSObject+Ownerships.h in Headers */,
				7E37E6671A3DAA80001B08AC /* JFFOnDeallocBlockOwner.h in Headers */,
				7E37E6661A3DA985001B08AC /* JFFUtils.h in Headers */,
				7E37E6731A3DAAC1001B08AC /* JFFRuntimeAdditions.h in Headers */,
				7E37E66B1A3DAA8E001B08AC /* NSArray+BlocksAdditions.h in Headers */,
				7E37E6681A3DAA86001B08AC /* JFFSimpleBlockHolder.h in Headers */,
			);
			runOnlyForDeploymentPostprocessing = 0;
		};
		7EB3DD5C190D7D6E00CC690D /* Headers */ = {
			isa = PBXHeadersBuildPhase;
			buildActionMask = 2147483647;
			files = (
				7EB3DD83190D806C00CC690D /* JFFUtils.h in Headers */,
				7EB3DD85190D806C00CC690D /* JFFSimpleBlockHolder.h in Headers */,
				7EB3DD86190D806C00CC690D /* JFFUtilsBlockDefinitions.h in Headers */,
				7EB3DD87190D806C00CC690D /* JUContainersHelperBlocks.h in Headers */,
				7EB3DD88190D806C00CC690D /* NSArray+BlocksAdditions.h in Headers */,
				7E522ABF190D82EE0018AF97 /* NSError+SetToPointer.h in Headers */,
				7EB3DD89190D806C00CC690D /* NSArray+IsEmpty.h in Headers */,
				7EB3DD8B190D806C00CC690D /* NSObject+OnDeallocBlock.h in Headers */,
				7EB3DD8D190D806C00CC690D /* NSString+IsEmpty.h in Headers */,
				7EB3DD8E190D806C00CC690D /* NSString+Search.h in Headers */,
				7EB3DD90190D806D00CC690D /* JFFRuntimeAdditions.h in Headers */,
				7EB3DD84190D806C00CC690D /* JFFOnDeallocBlockOwner.h in Headers */,
				7EB3DD8F190D806D00CC690D /* NSString+PropertyName.h in Headers */,
				7EB3DD81190D806C00CC690D /* NSObject+InstancesCount.h in Headers */,
				7EB3DD82190D806C00CC690D /* NSObject+RuntimeExtensions.h in Headers */,
				7EB3DD8C190D806C00CC690D /* NSObject+Ownerships.h in Headers */,
			);
			runOnlyForDeploymentPostprocessing = 0;
		};
/* End PBXHeadersBuildPhase section */

/* Begin PBXNativeTarget section */
		7E37E6331A3DA8B8001B08AC /* JFFUtils-DynamicFramework */ = {
			isa = PBXNativeTarget;
			buildConfigurationList = 7E37E64D1A3DA8B9001B08AC /* Build configuration list for PBXNativeTarget "JFFUtils-DynamicFramework" */;
			buildPhases = (
				7E37E62F1A3DA8B8001B08AC /* Sources */,
				7E37E6301A3DA8B8001B08AC /* Frameworks */,
				7E37E6311A3DA8B8001B08AC /* Headers */,
				7E37E6321A3DA8B8001B08AC /* Resources */,
			);
			buildRules = (
			);
			dependencies = (
			);
			name = "JFFUtils-DynamicFramework";
			productName = "JFFUtils-DynamicFramework";
			productReference = 7E37E6341A3DA8B8001B08AC /* JFFUtils.framework */;
			productType = "com.apple.product-type.framework";
		};
		7E37E63D1A3DA8B8001B08AC /* JFFUtils-DynamicFrameworkTests */ = {
			isa = PBXNativeTarget;
			buildConfigurationList = 7E37E64E1A3DA8B9001B08AC /* Build configuration list for PBXNativeTarget "JFFUtils-DynamicFrameworkTests" */;
			buildPhases = (
				7E37E63A1A3DA8B8001B08AC /* Sources */,
				7E37E63B1A3DA8B8001B08AC /* Frameworks */,
				7E37E63C1A3DA8B8001B08AC /* Resources */,
			);
			buildRules = (
			);
			dependencies = (
				7E37E6411A3DA8B9001B08AC /* PBXTargetDependency */,
			);
			name = "JFFUtils-DynamicFrameworkTests";
			productName = "JFFUtils-DynamicFrameworkTests";
			productReference = 7E37E63E1A3DA8B8001B08AC /* JFFUtils-DynamicFrameworkTests.xctest */;
			productType = "com.apple.product-type.bundle.unit-test";
		};
		7E7336AE190C134300AE47B9 /* JFFUtils */ = {
			isa = PBXNativeTarget;
			buildConfigurationList = 7E7336D2190C134300AE47B9 /* Build configuration list for PBXNativeTarget "JFFUtils" */;
			buildPhases = (
				7E7336AB190C134300AE47B9 /* Sources */,
				7E7336AC190C134300AE47B9 /* Frameworks */,
				7E7336AD190C134300AE47B9 /* CopyFiles */,
			);
			buildRules = (
			);
			dependencies = (
			);
			name = JFFUtils;
			productName = JFFUtils;
			productReference = 7E7336AF190C134300AE47B9 /* libJFFUtils.a */;
			productType = "com.apple.product-type.library.static";
		};
		7E7336BE190C134300AE47B9 /* JFFUtilsTests */ = {
			isa = PBXNativeTarget;
			buildConfigurationList = 7E7336D5190C134300AE47B9 /* Build configuration list for PBXNativeTarget "JFFUtilsTests" */;
			buildPhases = (
				7E7336BB190C134300AE47B9 /* Sources */,
				7E7336BC190C134300AE47B9 /* Frameworks */,
				7E7336BD190C134300AE47B9 /* Resources */,
			);
			buildRules = (
			);
			dependencies = (
				7E7336C6190C134300AE47B9 /* PBXTargetDependency */,
			);
			name = JFFUtilsTests;
			productName = JFFUtilsTests;
			productReference = 7E7336BF190C134300AE47B9 /* JFFUtilsTests.xctest */;
			productType = "com.apple.product-type.bundle.unit-test";
		};
		7EB3DD5F190D7D6E00CC690D /* JFFUtils-Framework */ = {
			isa = PBXNativeTarget;
			buildConfigurationList = 7EB3DD6F190D7D6E00CC690D /* Build configuration list for PBXNativeTarget "JFFUtils-Framework" */;
			buildPhases = (
				7EB3DD5A190D7D6E00CC690D /* Sources */,
				7EB3DD5B190D7D6E00CC690D /* Frameworks */,
				7EB3DD5C190D7D6E00CC690D /* Headers */,
				7EB3DD5D190D7D6E00CC690D /* Resources */,
				7EB3DD5E190D7D6E00CC690D /* [Framework] Fix headers */,
				7EB3DD91190D811100CC690D /* [Framework] Build */,
			);
			buildRules = (
			);
			dependencies = (
			);
			name = "JFFUtils-Framework";
			productName = "JFFUtils-Framework";
			productReference = 7EB3DD60190D7D6E00CC690D /* JFFUtils.framework */;
			productType = "com.apple.product-type.framework.static";
		};
/* End PBXNativeTarget section */

/* Begin PBXProject section */
		7E7336A7190C134300AE47B9 /* Project object */ = {
			isa = PBXProject;
			attributes = {
				LastUpgradeCheck = 0510;
				ORGANIZATIONNAME = dodikk;
				TargetAttributes = {
					7E37E6331A3DA8B8001B08AC = {
						CreatedOnToolsVersion = 6.1.1;
					};
					7E37E63D1A3DA8B8001B08AC = {
						CreatedOnToolsVersion = 6.1.1;
					};
					7E7336BE190C134300AE47B9 = {
						TestTargetID = 7EB3DD5F190D7D6E00CC690D;
					};
				};
			};
			buildConfigurationList = 7E7336AA190C134300AE47B9 /* Build configuration list for PBXProject "JFFUtils" */;
			compatibilityVersion = "Xcode 3.2";
			developmentRegion = English;
			hasScannedForEncodings = 0;
			knownRegions = (
				en,
			);
			mainGroup = 7E7336A6190C134300AE47B9;
			productRefGroup = 7E7336B0190C134300AE47B9 /* Products */;
			projectDirPath = "";
			projectRoot = "";
			targets = (
				7E7336AE190C134300AE47B9 /* JFFUtils */,
				7E7336BE190C134300AE47B9 /* JFFUtilsTests */,
				7EB3DD5F190D7D6E00CC690D /* JFFUtils-Framework */,
				7E37E6331A3DA8B8001B08AC /* JFFUtils-DynamicFramework */,
				7E37E63D1A3DA8B8001B08AC /* JFFUtils-DynamicFrameworkTests */,
			);
		};
/* End PBXProject section */

/* Begin PBXResourcesBuildPhase section */
		7E37E6321A3DA8B8001B08AC /* Resources */ = {
			isa = PBXResourcesBuildPhase;
			buildActionMask = 2147483647;
			files = (
			);
			runOnlyForDeploymentPostprocessing = 0;
		};
		7E37E63C1A3DA8B8001B08AC /* Resources */ = {
			isa = PBXResourcesBuildPhase;
			buildActionMask = 2147483647;
			files = (
			);
			runOnlyForDeploymentPostprocessing = 0;
		};
		7E7336BD190C134300AE47B9 /* Resources */ = {
			isa = PBXResourcesBuildPhase;
			buildActionMask = 2147483647;
			files = (
				7E7336CD190C134300AE47B9 /* InfoPlist.strings in Resources */,
			);
			runOnlyForDeploymentPostprocessing = 0;
		};
		7EB3DD5D190D7D6E00CC690D /* Resources */ = {
			isa = PBXResourcesBuildPhase;
			buildActionMask = 2147483647;
			files = (
				7EB3DD67190D7D6E00CC690D /* InfoPlist.strings in Resources */,
			);
			runOnlyForDeploymentPostprocessing = 0;
		};
/* End PBXResourcesBuildPhase section */

/* Begin PBXShellScriptBuildPhase section */
		7EB3DD5E190D7D6E00CC690D /* [Framework] Fix headers */ = {
			isa = PBXShellScriptBuildPhase;
			buildActionMask = 2147483647;
			files = (
			);
			inputPaths = (
			);
			name = "[Framework] Fix headers";
			outputPaths = (
			);
			runOnlyForDeploymentPostprocessing = 0;
			shellPath = /bin/sh;
			shellScript = "INLINED_PYHON_SCRIPT=\"import sys; import os.path; headerPathFromFind = sys.argv[2]; srcRoot = sys.argv[1]; headerPathFromFindWithoutFilename = os.path.dirname( headerPathFromFind ); relatedPathForDirectory = os.path.relpath( headerPathFromFindWithoutFilename, srcRoot ); print( relatedPathForDirectory );\"\n\n\nFIXED_SRC_ROOT=$SRCROOT\n\n# echo \"====SRCROOT : $SRCROOT=======\"\n# echo \"====FIXED_SRC_ROOT : $FIXED_SRC_ROOT=======\"\n\nLAUNCH_DIR=$PWD\ncd $SRCROOT\n#cd ..\n   HEADERS_ROOT=$PWD\ncd $LAUNCH_DIR\n\nFRAMEWORK_HEADERS_DIR=\"$BUILT_PRODUCTS_DIR/$WRAPPER_NAME/Headers\"\n\n## only header files expected at this point\nPUBLIC_HEADERS=$( ls -1 \"$FRAMEWORK_HEADERS_DIR\" )\n\n\nfor PUBLIC_HEADER in $PUBLIC_HEADERS; do\n\nFIND_RESULT=$( find \"$HEADERS_ROOT\" -name \"$PUBLIC_HEADER\" )\nRELATIVE_PATH=$( python -c \"$INLINED_PYHON_SCRIPT\" \"$HEADERS_ROOT\" \"$FIND_RESULT\" )\n\nmkdir -p \"$FRAMEWORK_HEADERS_DIR/$RELATIVE_PATH\"\nmv \"$FRAMEWORK_HEADERS_DIR/$PUBLIC_HEADER\" \"$FRAMEWORK_HEADERS_DIR/$RELATIVE_PATH/$PUBLIC_HEADER\"\ndone\n\n";
			showEnvVarsInLog = 0;
		};
		7EB3DD91190D811100CC690D /* [Framework] Build */ = {
			isa = PBXShellScriptBuildPhase;
			buildActionMask = 2147483647;
			files = (
			);
			inputPaths = (
			);
			name = "[Framework] Build";
			outputPaths = (
			);
			runOnlyForDeploymentPostprocessing = 0;
			shellPath = /bin/sh;
			shellScript = "set -e\n\nset +u\nif [[ $UFW_MASTER_SCRIPT_RUNNING ]]\nthen\n# Nothing for the slave script to do\nexit 0\nfi\nset -u\nexport UFW_MASTER_SCRIPT_RUNNING=1\n\n\n# Functions\n\n## List files in the specified directory, storing to the specified array.\n#\n# @param $1 The path to list\n# @param $2 The name of the array to fill\n#\n##\nlist_files ()\n{\n    filelist=$(ls \"$1\")\n    while read line\n    do\n    eval \"$2[\\${#$2[*]}]=\\\"\\$line\\\"\"\n    done <<< \"$filelist\"\n}\n\n\n# Sanity check\n\nif [[ ! -f \"${BUILT_PRODUCTS_DIR}/${EXECUTABLE_PATH}\" ]]\nthen\necho \"Framework target \\\"${TARGET_NAME}\\\" had no source files to build from. Make sure your source files have the correct target membership\"\nexit 1\nfi\n\n\n# Gather information\n\nif [[ \"$SDK_NAME\" =~ ([A-Za-z]+) ]]\nthen\nUFW_SDK_PLATFORM=${BASH_REMATCH[1]}\nelse\necho \"Could not find platform name from SDK_NAME: $SDK_NAME\"\nexit 1\nfi\n\nif [[ \"$SDK_NAME\" =~ ([0-9]+.*$) ]]\nthen\nUFW_SDK_VERSION=${BASH_REMATCH[1]}\nelse\necho \"Could not find sdk version from SDK_NAME: $SDK_NAME\"\nexit 1\nfi\n\nif [[ \"$UFW_SDK_PLATFORM\" = \"iphoneos\" ]]\nthen\nUFW_OTHER_PLATFORM=iphonesimulator\nelse\nUFW_OTHER_PLATFORM=iphoneos\nfi\n\nif [[ \"$BUILT_PRODUCTS_DIR\" =~ (.*)$UFW_SDK_PLATFORM$ ]]\nthen\nUFW_OTHER_BUILT_PRODUCTS_DIR=\"${BASH_REMATCH[1]}${UFW_OTHER_PLATFORM}\"\nelse\necho \"Could not find $UFW_SDK_PLATFORM in $BUILT_PRODUCTS_DIR\"\nexit 1\nfi\n\nONLY_ACTIVE_PLATFORM=${ONLY_ACTIVE_PLATFORM:-$ONLY_ACTIVE_ARCH}\n\n# Short-circuit if all binaries are up to date.\n# We already checked the other platform in the prerun script.\n\nif [[ -f \"${BUILT_PRODUCTS_DIR}/${EXECUTABLE_PATH}\" ]] && [[ -f \"${BUILT_PRODUCTS_DIR}/${PRODUCT_NAME}.embeddedframework/${EXECUTABLE_PATH}\" ]] && [[ ! \"${BUILT_PRODUCTS_DIR}/${EXECUTABLE_PATH}\" -nt \"${BUILT_PRODUCTS_DIR}/${PRODUCT_NAME}.embeddedframework/${EXECUTABLE_PATH}\" ]]\nthen\nexit 0\nfi\n\nif [ \"${ONLY_ACTIVE_PLATFORM}\" == \"YES\" ]\nthen\necho \"ONLY_ACTIVE_PLATFORM=${ONLY_ACTIVE_PLATFORM}: Skipping other platform build\"\nelse\n# Make sure the other platform gets built\n\necho \"Build other platform\"\n\necho xcodebuild -project \"${PROJECT_FILE_PATH}\" -target \"${TARGET_NAME}\" -configuration \"${CONFIGURATION}\" -sdk ${UFW_OTHER_PLATFORM}${UFW_SDK_VERSION} BUILD_DIR=\"${BUILD_DIR}\" CONFIGURATION_TEMP_DIR=\"${PROJECT_TEMP_DIR}/${CONFIGURATION}-${UFW_OTHER_PLATFORM}\" $ACTION\nxcodebuild -project \"${PROJECT_FILE_PATH}\" -target \"${TARGET_NAME}\" -configuration \"${CONFIGURATION}\" -sdk ${UFW_OTHER_PLATFORM}${UFW_SDK_VERSION} BUILD_DIR=\"${BUILD_DIR}\" CONFIGURATION_TEMP_DIR=\"${PROJECT_TEMP_DIR}/${CONFIGURATION}-${UFW_OTHER_PLATFORM}\" $ACTION\n\n\n# Build the fat static library binary\n\necho \"Create universal static library\"\n\necho \"libtool\" -static \"${BUILT_PRODUCTS_DIR}/${EXECUTABLE_PATH}\" \"${UFW_OTHER_BUILT_PRODUCTS_DIR}/${EXECUTABLE_PATH}\" -o \"${BUILT_PRODUCTS_DIR}/${EXECUTABLE_PATH}.temp\"\n\"libtool\" -static \"${BUILT_PRODUCTS_DIR}/${EXECUTABLE_PATH}\" \"${UFW_OTHER_BUILT_PRODUCTS_DIR}/${EXECUTABLE_PATH}\" -o \"${BUILT_PRODUCTS_DIR}/${EXECUTABLE_PATH}.temp\"\n\necho mv \"${BUILT_PRODUCTS_DIR}/${EXECUTABLE_PATH}.temp\" \"${BUILT_PRODUCTS_DIR}/${EXECUTABLE_PATH}\"\nmv \"${BUILT_PRODUCTS_DIR}/${EXECUTABLE_PATH}.temp\" \"${BUILT_PRODUCTS_DIR}/${EXECUTABLE_PATH}\"\nfi\n\n# Build embedded framework structure\n\necho \"Build Embedded Framework\"\n\necho rm -rf \"${BUILT_PRODUCTS_DIR}/${PRODUCT_NAME}.embeddedframework\"\nrm -rf \"${BUILT_PRODUCTS_DIR}/${PRODUCT_NAME}.embeddedframework\"\necho mkdir -p \"${BUILT_PRODUCTS_DIR}/${PRODUCT_NAME}.embeddedframework/Resources\"\nmkdir -p \"${BUILT_PRODUCTS_DIR}/${PRODUCT_NAME}.embeddedframework/Resources\"\necho cp -a \"${BUILT_PRODUCTS_DIR}/${WRAPPER_NAME}\" \"${BUILT_PRODUCTS_DIR}/${PRODUCT_NAME}.embeddedframework/\"\ncp -a \"${BUILT_PRODUCTS_DIR}/${WRAPPER_NAME}\" \"${BUILT_PRODUCTS_DIR}/${PRODUCT_NAME}.embeddedframework/\"\n\ndeclare -a UFW_FILE_LIST\nlist_files \"${BUILT_PRODUCTS_DIR}/${UNLOCALIZED_RESOURCES_FOLDER_PATH}\" UFW_FILE_LIST\nfor filename in \"${UFW_FILE_LIST[@]}\"\ndo\nif [[ \"${filename}\" != \"Info.plist\" ]] && [[ ! \"${filename}\" =~ .*\\.lproj$ ]]\nthen\necho ln -sf \"../${WRAPPER_NAME}/Resources/${filename}\" \"${BUILT_PRODUCTS_DIR}/${PRODUCT_NAME}.embeddedframework/Resources/${filename}\"\nln -sf \"../${WRAPPER_NAME}/Resources/${filename}\" \"${BUILT_PRODUCTS_DIR}/${PRODUCT_NAME}.embeddedframework/Resources/${filename}\"\nfi\ndone\n\n\nif [ \"${ONLY_ACTIVE_PLATFORM}\" != \"YES\" ]\nthen\n# Replace other platform's framework with a copy of this one (so that both have the same universal binary)\n\necho \"Copy from $UFW_SDK_PLATFORM to $UFW_OTHER_PLATFORM\"\n\necho rm -rf \"${BUILD_DIR}/${CONFIGURATION}-${UFW_OTHER_PLATFORM}\"\nrm -rf \"${BUILD_DIR}/${CONFIGURATION}-${UFW_OTHER_PLATFORM}\"\necho cp -a \"${BUILD_DIR}/${CONFIGURATION}-${UFW_SDK_PLATFORM}\" \"${BUILD_DIR}/${CONFIGURATION}-${UFW_OTHER_PLATFORM}\"\ncp -a \"${BUILD_DIR}/${CONFIGURATION}-${UFW_SDK_PLATFORM}\" \"${BUILD_DIR}/${CONFIGURATION}-${UFW_OTHER_PLATFORM}\"\nfi\n";
		};
/* End PBXShellScriptBuildPhase section */

/* Begin PBXSourcesBuildPhase section */
		7E37E62F1A3DA8B8001B08AC /* Sources */ = {
			isa = PBXSourcesBuildPhase;
			buildActionMask = 2147483647;
			files = (
				7E37E6571A3DA911001B08AC /* NSObject+InstancesCount.m in Sources */,
				7E37E6581A3DA91E001B08AC /* NSObject+RuntimeExtensions.m in Sources */,
				7E37E65C1A3DA91E001B08AC /* NSArray+IsEmpty.m in Sources */,
				7E37E65D1A3DA91E001B08AC /* NSError+SetToPointer.m in Sources */,
				7E37E6631A3DA91E001B08AC /* JFFRuntimeAdditions.mm in Sources */,
				7E37E6591A3DA91E001B08AC /* JFFOnDeallocBlockOwner.m in Sources */,
				7E37E65E1A3DA91E001B08AC /* NSObject+OnDeallocBlock.m in Sources */,
				7E37E6611A3DA91E001B08AC /* NSString+Search.m in Sources */,
				7E37E65B1A3DA91E001B08AC /* NSArray+BlocksAdditions.m in Sources */,
				7E37E65F1A3DA91E001B08AC /* NSObject+Ownerships.m in Sources */,
				7E37E65A1A3DA91E001B08AC /* JFFSimpleBlockHolder.m in Sources */,
				7E37E6601A3DA91E001B08AC /* NSString+IsEmpty.m in Sources */,
				7E37E6621A3DA91E001B08AC /* NSString+PropertyName.m in Sources */,
			);
			runOnlyForDeploymentPostprocessing = 0;
		};
		7E37E63A1A3DA8B8001B08AC /* Sources */ = {
			isa = PBXSourcesBuildPhase;
			buildActionMask = 2147483647;
			files = (
				7E37E6561A3DA8D5001B08AC /* EmptyStringTest.m in Sources */,
				7E37E6511A3DA8D5001B08AC /* NSObjectInstancesCountTest.m in Sources */,
				7E37E64F1A3DA8D5001B08AC /* TypeSignatureTest.m in Sources */,
				7E37E6521A3DA8D5001B08AC /* NumberOfCharacterFromStringTest.m in Sources */,
				7E37E6541A3DA8D5001B08AC /* JFFOnDeallocBlockOwnerTest.m in Sources */,
				7E37E6501A3DA8D5001B08AC /* NSObject+OwnershipsTest.m in Sources */,
				7E37E6551A3DA8D5001B08AC /* JFFSimpleBlockHolderTest.m in Sources */,
				7E37E6531A3DA8D5001B08AC /* JFFRuntimeAddiotionsTest.m in Sources */,
			);
			runOnlyForDeploymentPostprocessing = 0;
		};
		7E7336AB190C134300AE47B9 /* Sources */ = {
			isa = PBXSourcesBuildPhase;
			buildActionMask = 2147483647;
			files = (
				7E9B13F7190C4AE1004DD39A /* JFFOnDeallocBlockOwner.m in Sources */,
				7E9B13FB190C4B9E004DD39A /* JFFRuntimeAdditions.mm in Sources */,
				7E9B13ED190C4918004DD39A /* JFFSimpleBlockHolder.m in Sources */,
				7EA0C5F4190D04CC00DCB91D /* NSString+Search.m in Sources */,
				7E7336E1190C13FB00AE47B9 /* NSArray+IsEmpty.m in Sources */,
				7E7336E0190C13FB00AE47B9 /* NSArray+BlocksAdditions.m in Sources */,
				7E9B13EA190C48A1004DD39A /* NSString+PropertyName.m in Sources */,
				7EABFD63190D1F4D00D3CCC6 /* NSObject+InstancesCount.m in Sources */,
				7E522AC0190D82EE0018AF97 /* NSError+SetToPointer.m in Sources */,
				7E9B13F1190C49F6004DD39A /* NSObject+OnDeallocBlock.m in Sources */,
				7E9B13F4190C4A90004DD39A /* NSObject+Ownerships.m in Sources */,
				7EABFD55190D1E9400D3CCC6 /* NSObject+RuntimeExtensions.m in Sources */,
				7EA0C5F3190D04CC00DCB91D /* NSString+IsEmpty.m in Sources */,
			);
			runOnlyForDeploymentPostprocessing = 0;
		};
		7E7336BB190C134300AE47B9 /* Sources */ = {
			isa = PBXSourcesBuildPhase;
			buildActionMask = 2147483647;
			files = (
				7EF2D993190D124F00A412FA /* TypeSignatureTest.m in Sources */,
				7EF2D98B190D11E400A412FA /* JFFOnDeallocBlockOwnerTest.m in Sources */,
				7EF2D98D190D11F600A412FA /* JFFRuntimeAddiotionsTest.m in Sources */,
				7EABFD30190D167700D3CCC6 /* NSObjectInstancesCountTest.m in Sources */,
				7EF2D989190D11CF00A412FA /* JFFSimpleBlockHolderTest.m in Sources */,
				7EF2D985190D105300A412FA /* EmptyStringTest.m in Sources */,
				7EABFD34190D174700D3CCC6 /* NumberOfCharacterFromStringTest.m in Sources */,
				7EF2D991190D121900A412FA /* NSObject+OwnershipsTest.m in Sources */,
			);
			runOnlyForDeploymentPostprocessing = 0;
		};
		7EB3DD5A190D7D6E00CC690D /* Sources */ = {
			isa = PBXSourcesBuildPhase;
			buildActionMask = 2147483647;
			files = (
				7EB3DD74190D7F6900CC690D /* NSObject+InstancesCount.m in Sources */,
				7EB3DD75190D7F6900CC690D /* NSObject+RuntimeExtensions.m in Sources */,
				7EB3DD76190D7F6900CC690D /* JFFOnDeallocBlockOwner.m in Sources */,
				7EB3DD77190D7F6900CC690D /* JFFSimpleBlockHolder.m in Sources */,
				7EB3DD78190D7F6900CC690D /* NSArray+BlocksAdditions.m in Sources */,
				7EB3DD79190D7F6900CC690D /* NSArray+IsEmpty.m in Sources */,
				7EB3DD7B190D7F6900CC690D /* NSObject+OnDeallocBlock.m in Sources */,
				7EB3DD7C190D7F6900CC690D /* NSObject+Ownerships.m in Sources */,
				7E522AC1190D82EE0018AF97 /* NSError+SetToPointer.m in Sources */,
				7EB3DD7D190D7F6900CC690D /* NSString+IsEmpty.m in Sources */,
				7EB3DD7E190D7F6900CC690D /* NSString+Search.m in Sources */,
				7EB3DD7F190D7F6900CC690D /* NSString+PropertyName.m in Sources */,
				7EB3DD80190D7F6900CC690D /* JFFRuntimeAdditions.mm in Sources */,
			);
			runOnlyForDeploymentPostprocessing = 0;
		};
/* End PBXSourcesBuildPhase section */

/* Begin PBXTargetDependency section */
		7E37E6411A3DA8B9001B08AC /* PBXTargetDependency */ = {
			isa = PBXTargetDependency;
			target = 7E37E6331A3DA8B8001B08AC /* JFFUtils-DynamicFramework */;
			targetProxy = 7E37E6401A3DA8B9001B08AC /* PBXContainerItemProxy */;
		};
		7E7336C6190C134300AE47B9 /* PBXTargetDependency */ = {
			isa = PBXTargetDependency;
			target = 7E7336AE190C134300AE47B9 /* JFFUtils */;
			targetProxy = 7E7336C5190C134300AE47B9 /* PBXContainerItemProxy */;
		};
/* End PBXTargetDependency section */

/* Begin PBXVariantGroup section */
		7E7336CB190C134300AE47B9 /* InfoPlist.strings */ = {
			isa = PBXVariantGroup;
			children = (
				7E7336CC190C134300AE47B9 /* en */,
			);
			name = InfoPlist.strings;
			sourceTree = "<group>";
		};
		7EB3DD65190D7D6E00CC690D /* InfoPlist.strings */ = {
			isa = PBXVariantGroup;
			children = (
				7EB3DD66190D7D6E00CC690D /* en */,
			);
			name = InfoPlist.strings;
			sourceTree = "<group>";
		};
/* End PBXVariantGroup section */

/* Begin XCBuildConfiguration section */
		7E37E6471A3DA8B9001B08AC /* Debug */ = {
			isa = XCBuildConfiguration;
			buildSettings = {
				CLANG_WARN_UNREACHABLE_CODE = YES;
				"CODE_SIGN_IDENTITY[sdk=iphoneos*]" = "iPhone Developer";
				CURRENT_PROJECT_VERSION = 1;
				DEFINES_MODULE = YES;
				DYLIB_COMPATIBILITY_VERSION = 1;
				DYLIB_CURRENT_VERSION = 1;
				DYLIB_INSTALL_NAME_BASE = "@rpath";
				ENABLE_NS_ASSERTIONS = YES;
				ENABLE_STRICT_OBJC_MSGSEND = YES;
				GCC_PRECOMPILE_PREFIX_HEADER = YES;
				GCC_PREFIX_HEADER = "JFFUtils/JFFUtils-Prefix.pch";
				GCC_PREPROCESSOR_DEFINITIONS = (
					"DEBUG=1",
					"$(inherited)",
				);
				INFOPLIST_FILE = "JFFUtils-DynamicFramework/Info.plist";
				INSTALL_PATH = "$(LOCAL_LIBRARY_DIR)/Frameworks";
				IPHONEOS_DEPLOYMENT_TARGET = 8.1;
				LD_RUNPATH_SEARCH_PATHS = "$(inherited) @executable_path/Frameworks @loader_path/Frameworks";
				MTL_ENABLE_DEBUG_INFO = YES;
				ONLY_ACTIVE_ARCH = YES;
				PRODUCT_NAME = JFFUtils;
				SKIP_INSTALL = YES;
				TARGETED_DEVICE_FAMILY = "1,2";
				VERSIONING_SYSTEM = "apple-generic";
				VERSION_INFO_PREFIX = "";
			};
			name = Debug;
		};
		7E37E6481A3DA8B9001B08AC /* Coverage */ = {
			isa = XCBuildConfiguration;
			buildSettings = {
				CLANG_WARN_UNREACHABLE_CODE = YES;
				"CODE_SIGN_IDENTITY[sdk=iphoneos*]" = "iPhone Developer";
				CURRENT_PROJECT_VERSION = 1;
				DEFINES_MODULE = YES;
				DYLIB_COMPATIBILITY_VERSION = 1;
				DYLIB_CURRENT_VERSION = 1;
				DYLIB_INSTALL_NAME_BASE = "@rpath";
				ENABLE_NS_ASSERTIONS = YES;
				ENABLE_STRICT_OBJC_MSGSEND = YES;
				GCC_PRECOMPILE_PREFIX_HEADER = YES;
				GCC_PREFIX_HEADER = "JFFUtils/JFFUtils-Prefix.pch";
				INFOPLIST_FILE = "JFFUtils-DynamicFramework/Info.plist";
				INSTALL_PATH = "$(LOCAL_LIBRARY_DIR)/Frameworks";
				IPHONEOS_DEPLOYMENT_TARGET = 8.1;
				LD_RUNPATH_SEARCH_PATHS = "$(inherited) @executable_path/Frameworks @loader_path/Frameworks";
				MTL_ENABLE_DEBUG_INFO = NO;
				PRODUCT_NAME = JFFUtils;
				SKIP_INSTALL = YES;
				TARGETED_DEVICE_FAMILY = "1,2";
				VERSIONING_SYSTEM = "apple-generic";
				VERSION_INFO_PREFIX = "";
			};
			name = Coverage;
		};
		7E37E6491A3DA8B9001B08AC /* Release */ = {
			isa = XCBuildConfiguration;
			buildSettings = {
				CLANG_WARN_UNREACHABLE_CODE = YES;
				"CODE_SIGN_IDENTITY[sdk=iphoneos*]" = "iPhone Developer";
				CURRENT_PROJECT_VERSION = 1;
				DEFINES_MODULE = YES;
				DYLIB_COMPATIBILITY_VERSION = 1;
				DYLIB_CURRENT_VERSION = 1;
				DYLIB_INSTALL_NAME_BASE = "@rpath";
				ENABLE_NS_ASSERTIONS = YES;
				ENABLE_STRICT_OBJC_MSGSEND = YES;
				GCC_PRECOMPILE_PREFIX_HEADER = YES;
				GCC_PREFIX_HEADER = "JFFUtils/JFFUtils-Prefix.pch";
				INFOPLIST_FILE = "JFFUtils-DynamicFramework/Info.plist";
				INSTALL_PATH = "$(LOCAL_LIBRARY_DIR)/Frameworks";
				IPHONEOS_DEPLOYMENT_TARGET = 8.1;
				LD_RUNPATH_SEARCH_PATHS = "$(inherited) @executable_path/Frameworks @loader_path/Frameworks";
				MTL_ENABLE_DEBUG_INFO = NO;
				PRODUCT_NAME = JFFUtils;
				SKIP_INSTALL = YES;
				TARGETED_DEVICE_FAMILY = "1,2";
				VERSIONING_SYSTEM = "apple-generic";
				VERSION_INFO_PREFIX = "";
			};
			name = Release;
		};
		7E37E64A1A3DA8B9001B08AC /* Debug */ = {
			isa = XCBuildConfiguration;
			buildSettings = {
				CLANG_WARN_UNREACHABLE_CODE = YES;
				ENABLE_STRICT_OBJC_MSGSEND = YES;
				FRAMEWORK_SEARCH_PATHS = (
					"$(SDKROOT)/Developer/Library/Frameworks",
					"$(inherited)",
				);
				GCC_PREPROCESSOR_DEFINITIONS = (
					"DEBUG=1",
					"$(inherited)",
				);
				GCC_WARN_PEDANTIC = NO;
				INFOPLIST_FILE = "JFFUtils-DynamicFrameworkTests/Info.plist";
				IPHONEOS_DEPLOYMENT_TARGET = 8.1;
				LD_RUNPATH_SEARCH_PATHS = "$(inherited) @executable_path/Frameworks @loader_path/Frameworks";
				MTL_ENABLE_DEBUG_INFO = YES;
				ONLY_ACTIVE_ARCH = YES;
				PRODUCT_NAME = "$(TARGET_NAME)";
			};
			name = Debug;
		};
		7E37E64B1A3DA8B9001B08AC /* Coverage */ = {
			isa = XCBuildConfiguration;
			buildSettings = {
				CLANG_WARN_UNREACHABLE_CODE = YES;
				ENABLE_STRICT_OBJC_MSGSEND = YES;
				FRAMEWORK_SEARCH_PATHS = (
					"$(SDKROOT)/Developer/Library/Frameworks",
					"$(inherited)",
				);
				GCC_WARN_PEDANTIC = NO;
				INFOPLIST_FILE = "JFFUtils-DynamicFrameworkTests/Info.plist";
				IPHONEOS_DEPLOYMENT_TARGET = 8.1;
				LD_RUNPATH_SEARCH_PATHS = "$(inherited) @executable_path/Frameworks @loader_path/Frameworks";
				MTL_ENABLE_DEBUG_INFO = NO;
				PRODUCT_NAME = "$(TARGET_NAME)";
			};
			name = Coverage;
		};
		7E37E64C1A3DA8B9001B08AC /* Release */ = {
			isa = XCBuildConfiguration;
			buildSettings = {
				CLANG_WARN_UNREACHABLE_CODE = YES;
				ENABLE_STRICT_OBJC_MSGSEND = YES;
				FRAMEWORK_SEARCH_PATHS = (
					"$(SDKROOT)/Developer/Library/Frameworks",
					"$(inherited)",
				);
				GCC_WARN_PEDANTIC = NO;
				INFOPLIST_FILE = "JFFUtils-DynamicFrameworkTests/Info.plist";
				IPHONEOS_DEPLOYMENT_TARGET = 8.1;
				LD_RUNPATH_SEARCH_PATHS = "$(inherited) @executable_path/Frameworks @loader_path/Frameworks";
				MTL_ENABLE_DEBUG_INFO = NO;
				PRODUCT_NAME = "$(TARGET_NAME)";
			};
			name = Release;
		};
		7E7336D0190C134300AE47B9 /* Debug */ = {
			isa = XCBuildConfiguration;
			buildSettings = {
				ALWAYS_SEARCH_USER_PATHS = NO;
				CLANG_ANALYZER_SECURITY_FLOATLOOPCOUNTER = YES;
				CLANG_ANALYZER_SECURITY_INSECUREAPI_RAND = YES;
				CLANG_ANALYZER_SECURITY_INSECUREAPI_STRCPY = YES;
				CLANG_CXX_LANGUAGE_STANDARD = "gnu++0x";
				CLANG_CXX_LIBRARY = "libc++";
				CLANG_ENABLE_MODULES = YES;
				CLANG_ENABLE_OBJC_ARC = YES;
				CLANG_WARN_BOOL_CONVERSION = YES;
				CLANG_WARN_CONSTANT_CONVERSION = YES;
				CLANG_WARN_CXX0X_EXTENSIONS = YES;
				CLANG_WARN_DIRECT_OBJC_ISA_USAGE = YES_ERROR;
				CLANG_WARN_EMPTY_BODY = YES;
				CLANG_WARN_ENUM_CONVERSION = YES;
				CLANG_WARN_IMPLICIT_SIGN_CONVERSION = YES;
				CLANG_WARN_INT_CONVERSION = YES;
				CLANG_WARN_OBJC_IMPLICIT_ATOMIC_PROPERTIES = YES;
				CLANG_WARN_OBJC_IMPLICIT_RETAIN_SELF = YES;
				CLANG_WARN_OBJC_ROOT_CLASS = YES_ERROR;
				CLANG_WARN_SUSPICIOUS_IMPLICIT_CONVERSION = YES;
				CLANG_WARN__DUPLICATE_METHOD_MATCH = YES;
				COPY_PHASE_STRIP = NO;
				GCC_C_LANGUAGE_STANDARD = gnu99;
				GCC_DYNAMIC_NO_PIC = NO;
				GCC_OPTIMIZATION_LEVEL = 0;
				GCC_PREPROCESSOR_DEFINITIONS = (
					"DEBUG=1",
					"$(inherited)",
				);
				GCC_SYMBOLS_PRIVATE_EXTERN = NO;
				GCC_TREAT_WARNINGS_AS_ERRORS = YES;
				GCC_WARN_64_TO_32_BIT_CONVERSION = YES;
				GCC_WARN_ABOUT_RETURN_TYPE = YES_ERROR;
				GCC_WARN_PEDANTIC = YES;
				GCC_WARN_SIGN_COMPARE = YES;
				GCC_WARN_UNDECLARED_SELECTOR = YES;
				GCC_WARN_UNINITIALIZED_AUTOS = YES_AGGRESSIVE;
				GCC_WARN_UNUSED_FUNCTION = YES;
				GCC_WARN_UNUSED_VARIABLE = YES;
				HEADER_SEARCH_PATHS = (
					"$(inherited)",
					/Applications/Xcode.app/Contents/Developer/Toolchains/XcodeDefault.xctoolchain/usr/include,
					..,
				);
				IPHONEOS_DEPLOYMENT_TARGET = 7.1;
				SDKROOT = iphoneos;
			};
			name = Debug;
		};
		7E7336D1190C134300AE47B9 /* Release */ = {
			isa = XCBuildConfiguration;
			buildSettings = {
				ALWAYS_SEARCH_USER_PATHS = NO;
				CLANG_ANALYZER_SECURITY_FLOATLOOPCOUNTER = YES;
				CLANG_ANALYZER_SECURITY_INSECUREAPI_RAND = YES;
				CLANG_ANALYZER_SECURITY_INSECUREAPI_STRCPY = YES;
				CLANG_CXX_LANGUAGE_STANDARD = "gnu++0x";
				CLANG_CXX_LIBRARY = "libc++";
				CLANG_ENABLE_MODULES = YES;
				CLANG_ENABLE_OBJC_ARC = YES;
				CLANG_WARN_BOOL_CONVERSION = YES;
				CLANG_WARN_CONSTANT_CONVERSION = YES;
				CLANG_WARN_CXX0X_EXTENSIONS = YES;
				CLANG_WARN_DIRECT_OBJC_ISA_USAGE = YES_ERROR;
				CLANG_WARN_EMPTY_BODY = YES;
				CLANG_WARN_ENUM_CONVERSION = YES;
				CLANG_WARN_IMPLICIT_SIGN_CONVERSION = YES;
				CLANG_WARN_INT_CONVERSION = YES;
				CLANG_WARN_OBJC_IMPLICIT_ATOMIC_PROPERTIES = YES;
				CLANG_WARN_OBJC_IMPLICIT_RETAIN_SELF = YES;
				CLANG_WARN_OBJC_ROOT_CLASS = YES_ERROR;
				CLANG_WARN_SUSPICIOUS_IMPLICIT_CONVERSION = YES;
				CLANG_WARN__DUPLICATE_METHOD_MATCH = YES;
				COPY_PHASE_STRIP = YES;
				ENABLE_NS_ASSERTIONS = NO;
				GCC_C_LANGUAGE_STANDARD = gnu99;
				GCC_TREAT_WARNINGS_AS_ERRORS = YES;
				GCC_WARN_64_TO_32_BIT_CONVERSION = YES;
				GCC_WARN_ABOUT_RETURN_TYPE = YES_ERROR;
				GCC_WARN_PEDANTIC = YES;
				GCC_WARN_SIGN_COMPARE = YES;
				GCC_WARN_UNDECLARED_SELECTOR = YES;
				GCC_WARN_UNINITIALIZED_AUTOS = YES_AGGRESSIVE;
				GCC_WARN_UNUSED_FUNCTION = YES;
				GCC_WARN_UNUSED_VARIABLE = YES;
				HEADER_SEARCH_PATHS = (
					"$(inherited)",
					/Applications/Xcode.app/Contents/Developer/Toolchains/XcodeDefault.xctoolchain/usr/include,
					..,
				);
				IPHONEOS_DEPLOYMENT_TARGET = 7.1;
				SDKROOT = iphoneos;
				VALIDATE_PRODUCT = YES;
			};
			name = Release;
		};
		7E7336D3190C134300AE47B9 /* Debug */ = {
			isa = XCBuildConfiguration;
			buildSettings = {
				DSTROOT = /tmp/JFFUtils.dst;
				GCC_PRECOMPILE_PREFIX_HEADER = YES;
				GCC_PREFIX_HEADER = "JFFUtils/JFFUtils-Prefix.pch";
				OTHER_LDFLAGS = "-ObjC";
				PRODUCT_NAME = "$(TARGET_NAME)";
				SKIP_INSTALL = YES;
			};
			name = Debug;
		};
		7E7336D4190C134300AE47B9 /* Release */ = {
			isa = XCBuildConfiguration;
			buildSettings = {
				DSTROOT = /tmp/JFFUtils.dst;
				GCC_PRECOMPILE_PREFIX_HEADER = YES;
				GCC_PREFIX_HEADER = "JFFUtils/JFFUtils-Prefix.pch";
				OTHER_LDFLAGS = "-ObjC";
				PRODUCT_NAME = "$(TARGET_NAME)";
				SKIP_INSTALL = YES;
			};
			name = Release;
		};
		7E7336D6190C134300AE47B9 /* Debug */ = {
			isa = XCBuildConfiguration;
			buildSettings = {
				FRAMEWORK_SEARCH_PATHS = (
					"$(SDKROOT)/Developer/Library/Frameworks",
					"$(inherited)",
					"$(DEVELOPER_FRAMEWORKS_DIR)",
				);
				GCC_PRECOMPILE_PREFIX_HEADER = YES;
				GCC_PREFIX_HEADER = "JFFUtils/JFFUtils-Prefix.pch";
				GCC_PREPROCESSOR_DEFINITIONS = (
					"DEBUG=1",
					"$(inherited)",
				);
				GCC_WARN_PEDANTIC = NO;
				INFOPLIST_FILE = "JFFUtilsTests/JFFUtilsTests-Info.plist";
				OTHER_LDFLAGS = "-all_load";
				PRODUCT_NAME = "$(TARGET_NAME)";
				TEST_HOST = "$(BUNDLE_LOADER)";
				WRAPPER_EXTENSION = xctest;
			};
			name = Debug;
		};
		7E7336D7190C134300AE47B9 /* Release */ = {
			isa = XCBuildConfiguration;
			buildSettings = {
				FRAMEWORK_SEARCH_PATHS = (
					"$(SDKROOT)/Developer/Library/Frameworks",
					"$(inherited)",
					"$(DEVELOPER_FRAMEWORKS_DIR)",
				);
				GCC_PRECOMPILE_PREFIX_HEADER = YES;
				GCC_PREFIX_HEADER = "JFFUtils/JFFUtils-Prefix.pch";
				GCC_WARN_PEDANTIC = NO;
				INFOPLIST_FILE = "JFFUtilsTests/JFFUtilsTests-Info.plist";
				OTHER_LDFLAGS = "-all_load";
				PRODUCT_NAME = "$(TARGET_NAME)";
				TEST_HOST = "$(BUNDLE_LOADER)";
				WRAPPER_EXTENSION = xctest;
			};
			name = Release;
		};
		7EABFD26190D15B200D3CCC6 /* Coverage */ = {
			isa = XCBuildConfiguration;
			buildSettings = {
				ALWAYS_SEARCH_USER_PATHS = NO;
				CLANG_ANALYZER_SECURITY_FLOATLOOPCOUNTER = YES;
				CLANG_ANALYZER_SECURITY_INSECUREAPI_RAND = YES;
				CLANG_ANALYZER_SECURITY_INSECUREAPI_STRCPY = YES;
				CLANG_CXX_LANGUAGE_STANDARD = "gnu++0x";
				CLANG_CXX_LIBRARY = "libc++";
				CLANG_ENABLE_MODULES = YES;
				CLANG_ENABLE_OBJC_ARC = YES;
				CLANG_WARN_BOOL_CONVERSION = YES;
				CLANG_WARN_CONSTANT_CONVERSION = YES;
				CLANG_WARN_CXX0X_EXTENSIONS = YES;
				CLANG_WARN_DIRECT_OBJC_ISA_USAGE = YES_ERROR;
				CLANG_WARN_EMPTY_BODY = YES;
				CLANG_WARN_ENUM_CONVERSION = YES;
				CLANG_WARN_IMPLICIT_SIGN_CONVERSION = YES;
				CLANG_WARN_INT_CONVERSION = YES;
				CLANG_WARN_OBJC_IMPLICIT_ATOMIC_PROPERTIES = YES;
				CLANG_WARN_OBJC_IMPLICIT_RETAIN_SELF = YES;
				CLANG_WARN_OBJC_ROOT_CLASS = YES_ERROR;
				CLANG_WARN_SUSPICIOUS_IMPLICIT_CONVERSION = YES;
				CLANG_WARN__DUPLICATE_METHOD_MATCH = YES;
				COPY_PHASE_STRIP = NO;
				GCC_C_LANGUAGE_STANDARD = gnu99;
				GCC_DYNAMIC_NO_PIC = NO;
				GCC_GENERATE_TEST_COVERAGE_FILES = YES;
				GCC_INSTRUMENT_PROGRAM_FLOW_ARCS = YES;
				GCC_OPTIMIZATION_LEVEL = 0;
				GCC_PREPROCESSOR_DEFINITIONS = (
					"DEBUG=1",
					"$(inherited)",
				);
				GCC_SYMBOLS_PRIVATE_EXTERN = NO;
				GCC_TREAT_WARNINGS_AS_ERRORS = YES;
				GCC_WARN_64_TO_32_BIT_CONVERSION = YES;
				GCC_WARN_ABOUT_RETURN_TYPE = YES_ERROR;
				GCC_WARN_PEDANTIC = YES;
				GCC_WARN_SIGN_COMPARE = YES;
				GCC_WARN_UNDECLARED_SELECTOR = YES;
				GCC_WARN_UNINITIALIZED_AUTOS = YES_AGGRESSIVE;
				GCC_WARN_UNUSED_FUNCTION = YES;
				GCC_WARN_UNUSED_VARIABLE = YES;
				GENERATE_PROFILING_CODE = YES;
				HEADER_SEARCH_PATHS = (
					"$(inherited)",
					/Applications/Xcode.app/Contents/Developer/Toolchains/XcodeDefault.xctoolchain/usr/include,
					..,
				);
				IPHONEOS_DEPLOYMENT_TARGET = 7.1;
				SDKROOT = iphoneos;
			};
			name = Coverage;
		};
		7EABFD27190D15B200D3CCC6 /* Coverage */ = {
			isa = XCBuildConfiguration;
			buildSettings = {
				DSTROOT = /tmp/JFFUtils.dst;
				GCC_PRECOMPILE_PREFIX_HEADER = YES;
				GCC_PREFIX_HEADER = "JFFUtils/JFFUtils-Prefix.pch";
				OTHER_LDFLAGS = "-ObjC";
				PRODUCT_NAME = "$(TARGET_NAME)";
				SKIP_INSTALL = YES;
			};
			name = Coverage;
		};
		7EABFD28190D15B200D3CCC6 /* Coverage */ = {
			isa = XCBuildConfiguration;
			buildSettings = {
				FRAMEWORK_SEARCH_PATHS = (
					"$(SDKROOT)/Developer/Library/Frameworks",
					"$(inherited)",
					"$(DEVELOPER_FRAMEWORKS_DIR)",
				);
				GCC_PRECOMPILE_PREFIX_HEADER = YES;
				GCC_PREFIX_HEADER = "JFFUtils/JFFUtils-Prefix.pch";
				GCC_PREPROCESSOR_DEFINITIONS = (
					"DEBUG=1",
					"$(inherited)",
				);
				GCC_WARN_PEDANTIC = NO;
				INFOPLIST_FILE = "JFFUtilsTests/JFFUtilsTests-Info.plist";
				OTHER_LDFLAGS = "-all_load";
				PRODUCT_NAME = "$(TARGET_NAME)";
				TEST_HOST = "$(BUNDLE_LOADER)";
				WRAPPER_EXTENSION = xctest;
			};
			name = Coverage;
		};
		7EB3DD6C190D7D6E00CC690D /* Debug */ = {
			isa = XCBuildConfiguration;
			buildSettings = {
				DYLIB_COMPATIBILITY_VERSION = 1;
				DYLIB_CURRENT_VERSION = 1;
				FRAMEWORK_VERSION = A;
				GCC_PRECOMPILE_PREFIX_HEADER = YES;
				GCC_PREFIX_HEADER = "JFFUtils/JFFUtils-Prefix.pch";
				GCC_PREPROCESSOR_DEFINITIONS = (
					"DEBUG=1",
					"$(inherited)",
				);
				INFOPLIST_FILE = "JFFUtils-Framework/JFFUtils-Framework-Info.plist";
				PRODUCT_NAME = JFFUtils;
				SKIP_INSTALL = YES;
				WRAPPER_EXTENSION = framework;
			};
			name = Debug;
		};
		7EB3DD6D190D7D6E00CC690D /* Coverage */ = {
			isa = XCBuildConfiguration;
			buildSettings = {
				DYLIB_COMPATIBILITY_VERSION = 1;
				DYLIB_CURRENT_VERSION = 1;
				FRAMEWORK_VERSION = A;
				GCC_PRECOMPILE_PREFIX_HEADER = YES;
				GCC_PREFIX_HEADER = "JFFUtils/JFFUtils-Prefix.pch";
				INFOPLIST_FILE = "JFFUtils-Framework/JFFUtils-Framework-Info.plist";
				PRODUCT_NAME = JFFUtils;
				SKIP_INSTALL = YES;
				WRAPPER_EXTENSION = framework;
			};
			name = Coverage;
		};
		7EB3DD6E190D7D6E00CC690D /* Release */ = {
			isa = XCBuildConfiguration;
			buildSettings = {
				DYLIB_COMPATIBILITY_VERSION = 1;
				DYLIB_CURRENT_VERSION = 1;
				FRAMEWORK_VERSION = A;
				GCC_PRECOMPILE_PREFIX_HEADER = YES;
				GCC_PREFIX_HEADER = "JFFUtils/JFFUtils-Prefix.pch";
				INFOPLIST_FILE = "JFFUtils-Framework/JFFUtils-Framework-Info.plist";
				PRODUCT_NAME = JFFUtils;
				SKIP_INSTALL = YES;
				WRAPPER_EXTENSION = framework;
			};
			name = Release;
		};
/* End XCBuildConfiguration section */

/* Begin XCConfigurationList section */
		7E37E64D1A3DA8B9001B08AC /* Build configuration list for PBXNativeTarget "JFFUtils-DynamicFramework" */ = {
			isa = XCConfigurationList;
			buildConfigurations = (
				7E37E6471A3DA8B9001B08AC /* Debug */,
				7E37E6481A3DA8B9001B08AC /* Coverage */,
				7E37E6491A3DA8B9001B08AC /* Release */,
			);
			defaultConfigurationIsVisible = 0;
			defaultConfigurationName = Release;
		};
		7E37E64E1A3DA8B9001B08AC /* Build configuration list for PBXNativeTarget "JFFUtils-DynamicFrameworkTests" */ = {
			isa = XCConfigurationList;
			buildConfigurations = (
				7E37E64A1A3DA8B9001B08AC /* Debug */,
				7E37E64B1A3DA8B9001B08AC /* Coverage */,
				7E37E64C1A3DA8B9001B08AC /* Release */,
			);
			defaultConfigurationIsVisible = 0;
			defaultConfigurationName = Release;
		};
		7E7336AA190C134300AE47B9 /* Build configuration list for PBXProject "JFFUtils" */ = {
			isa = XCConfigurationList;
			buildConfigurations = (
				7E7336D0190C134300AE47B9 /* Debug */,
				7EABFD26190D15B200D3CCC6 /* Coverage */,
				7E7336D1190C134300AE47B9 /* Release */,
			);
			defaultConfigurationIsVisible = 0;
			defaultConfigurationName = Release;
		};
		7E7336D2190C134300AE47B9 /* Build configuration list for PBXNativeTarget "JFFUtils" */ = {
			isa = XCConfigurationList;
			buildConfigurations = (
				7E7336D3190C134300AE47B9 /* Debug */,
				7EABFD27190D15B200D3CCC6 /* Coverage */,
				7E7336D4190C134300AE47B9 /* Release */,
			);
			defaultConfigurationIsVisible = 0;
			defaultConfigurationName = Release;
		};
		7E7336D5190C134300AE47B9 /* Build configuration list for PBXNativeTarget "JFFUtilsTests" */ = {
			isa = XCConfigurationList;
			buildConfigurations = (
				7E7336D6190C134300AE47B9 /* Debug */,
				7EABFD28190D15B200D3CCC6 /* Coverage */,
				7E7336D7190C134300AE47B9 /* Release */,
			);
			defaultConfigurationIsVisible = 0;
			defaultConfigurationName = Release;
		};
		7EB3DD6F190D7D6E00CC690D /* Build configuration list for PBXNativeTarget "JFFUtils-Framework" */ = {
			isa = XCConfigurationList;
			buildConfigurations = (
				7EB3DD6C190D7D6E00CC690D /* Debug */,
				7EB3DD6D190D7D6E00CC690D /* Coverage */,
				7EB3DD6E190D7D6E00CC690D /* Release */,
			);
			defaultConfigurationIsVisible = 0;
			defaultConfigurationName = Release;
		};
/* End XCConfigurationList section */
	};
	rootObject = 7E7336A7190C134300AE47B9 /* Project object */;
}
